// !$*UTF8*$!
{
	archiveVersion = 1;
	classes = {
	};
	objectVersion = 77;
	objects = {

/* Begin PBXBuildFile section */
		CC13CD012E01E82500CCBA5F /* AppEntryPoint.swift in Sources */ = {isa = PBXBuildFile; fileRef = CC13CCFC2E01E82500CCBA5F /* AppEntryPoint.swift */; };
		CC13CD042E01E82500CCBA5F /* Assets.xcassets in Resources */ = {isa = PBXBuildFile; fileRef = CC13CCF72E01E82500CCBA5F /* Assets.xcassets */; };
		CC13CD072E01E82500CCBA5F /* iOSSkeletonAppTests.swift in Sources */ = {isa = PBXBuildFile; fileRef = CC13CD062E01E82500CCBA5F /* iOSSkeletonAppTests.swift */; };
		CC13CD0A2E01E82500CCBA5F /* iOSSkeletonAppUITests.swift in Sources */ = {isa = PBXBuildFile; fileRef = CC13CD082E01E82500CCBA5F /* iOSSkeletonAppUITests.swift */; };
		CC13CD0B2E01E82500CCBA5F /* iOSSkeletonAppUITestsLaunchTests.swift in Sources */ = {isa = PBXBuildFile; fileRef = CC13CD092E01E82500CCBA5F /* iOSSkeletonAppUITestsLaunchTests.swift */; };
		CC13CD172E03380700CCBA5F /* .swiftlint.yml in Sources */ = {isa = PBXBuildFile; fileRef = CC13CD162E0337FF00CCBA5F /* .swiftlint.yml */; };
		CC13CD1A2E03388000CCBA5F /* AppConstants.swift in Sources */ = {isa = PBXBuildFile; fileRef = CC13CD192E03388000CCBA5F /* AppConstants.swift */; };
		CC13CD1C2E03389300CCBA5F /* Environment.swift in Sources */ = {isa = PBXBuildFile; fileRef = CC13CD1B2E03389300CCBA5F /* Environment.swift */; };
		CC13CD212E03395C00CCBA5F /* UAT.xcconfig in Resources */ = {isa = PBXBuildFile; fileRef = CC13CD1F2E03395C00CCBA5F /* UAT.xcconfig */; };
		CC13CD222E03395C00CCBA5F /* Dev.xcconfig in Resources */ = {isa = PBXBuildFile; fileRef = CC13CD1D2E03395C00CCBA5F /* Dev.xcconfig */; };
		CC13CD232E03395C00CCBA5F /* Production.xcconfig in Resources */ = {isa = PBXBuildFile; fileRef = CC13CD202E03395C00CCBA5F /* Production.xcconfig */; };
		CC13CD242E03395C00CCBA5F /* QC.xcconfig in Resources */ = {isa = PBXBuildFile; fileRef = CC13CD1E2E03395C00CCBA5F /* QC.xcconfig */; };
		CC13CD272E0339A000CCBA5F /* AppState.swift in Sources */ = {isa = PBXBuildFile; fileRef = CC13CD262E0339A000CCBA5F /* AppState.swift */; };
		CC13CD292E0339B300CCBA5F /* DIContainer.swift in Sources */ = {isa = PBXBuildFile; fileRef = CC13CD282E0339B300CCBA5F /* DIContainer.swift */; };
		CC13CD2C2E0339F200CCBA5F /* Factory in Frameworks */ = {isa = PBXBuildFile; productRef = CC13CD2B2E0339F200CCBA5F /* Factory */; };
		CC13CD2F2E033A0A00CCBA5F /* Kingfisher in Frameworks */ = {isa = PBXBuildFile; productRef = CC13CD2E2E033A0A00CCBA5F /* Kingfisher */; };
		CC13CD322E033D2A00CCBA5F /* Moya in Frameworks */ = {isa = PBXBuildFile; productRef = CC13CD312E033D2A00CCBA5F /* Moya */; };
		CC13CD382E033E1600CCBA5F /* NetworkMonitor.swift in Sources */ = {isa = PBXBuildFile; fileRef = CC13CD372E033E1600CCBA5F /* NetworkMonitor.swift */; };
		CC13CD3A2E033E2C00CCBA5F /* CustomMoyaPlugin.swift in Sources */ = {isa = PBXBuildFile; fileRef = CC13CD392E033E2C00CCBA5F /* CustomMoyaPlugin.swift */; };
		CC13CD3D2E033E8000CCBA5F /* LocalStorage.swift in Sources */ = {isa = PBXBuildFile; fileRef = CC13CD3C2E033E8000CCBA5F /* LocalStorage.swift */; };
		CC13CD432E033EB900CCBA5F /* CDDataSource.swift in Sources */ = {isa = PBXBuildFile; fileRef = CC13CD3F2E033EB900CCBA5F /* CDDataSource.swift */; };
		CC13CD442E033EB900CCBA5F /* CoreDataStack.swift in Sources */ = {isa = PBXBuildFile; fileRef = CC13CD402E033EB900CCBA5F /* CoreDataStack.swift */; };
		CC13CD482E033EF600CCBA5F /* SDDataSource.swift in Sources */ = {isa = PBXBuildFile; fileRef = CC13CD472E033EF600CCBA5F /* SDDataSource.swift */; };
		CC13CD4A2E033F1200CCBA5F /* KeychainManager.swift in Sources */ = {isa = PBXBuildFile; fileRef = CC13CD492E033F1200CCBA5F /* KeychainManager.swift */; };
		CC13CD4C2E033F2C00CCBA5F /* UserDefaults.swift in Sources */ = {isa = PBXBuildFile; fileRef = CC13CD4B2E033F2C00CCBA5F /* UserDefaults.swift */; };
		CC13CD4F2E033F5F00CCBA5F /* Dictionary.swift in Sources */ = {isa = PBXBuildFile; fileRef = CC13CD4E2E033F5F00CCBA5F /* Dictionary.swift */; };
		CC13CD512E033FA700CCBA5F /* Codable.swift in Sources */ = {isa = PBXBuildFile; fileRef = CC13CD502E033FA700CCBA5F /* Codable.swift */; };
		CC13CD532E033FBB00CCBA5F /* Color.swift in Sources */ = {isa = PBXBuildFile; fileRef = CC13CD522E033FBB00CCBA5F /* Color.swift */; };
		CC13CD552E033FCE00CCBA5F /* Date.swift in Sources */ = {isa = PBXBuildFile; fileRef = CC13CD542E033FCE00CCBA5F /* Date.swift */; };
		CC13CD572E033FE600CCBA5F /* Publisher.swift in Sources */ = {isa = PBXBuildFile; fileRef = CC13CD562E033FE600CCBA5F /* Publisher.swift */; };
		CC13CD592E03400000CCBA5F /* MoyaProvider.swift in Sources */ = {isa = PBXBuildFile; fileRef = CC13CD582E03400000CCBA5F /* MoyaProvider.swift */; };
		CC13CD5C2E03402900CCBA5F /* AppLogger.swift in Sources */ = {isa = PBXBuildFile; fileRef = CC13CD5B2E03402900CCBA5F /* AppLogger.swift */; };
		CC13CD5F2E03404900CCBA5F /* BaseViewModel.swift in Sources */ = {isa = PBXBuildFile; fileRef = CC13CD5E2E03404400CCBA5F /* BaseViewModel.swift */; };
		CC13CD612E03406100CCBA5F /* DomainConvertible.swift in Sources */ = {isa = PBXBuildFile; fileRef = CC13CD602E03406100CCBA5F /* DomainConvertible.swift */; };
		CC13CD632E03407400CCBA5F /* AppError.swift in Sources */ = {isa = PBXBuildFile; fileRef = CC13CD622E03407400CCBA5F /* AppError.swift */; };
		CC13CD662E03409B00CCBA5F /* AppFont.swift in Sources */ = {isa = PBXBuildFile; fileRef = CC13CD652E03409B00CCBA5F /* AppFont.swift */; };
		CC13CD682E03433900CCBA5F /* MainTabView.swift in Sources */ = {isa = PBXBuildFile; fileRef = CC13CD672E03433900CCBA5F /* MainTabView.swift */; };
		CC13CD932E03437200CCBA5F /* MoviePageCDModel.swift in Sources */ = {isa = PBXBuildFile; fileRef = CC13CD8D2E03437200CCBA5F /* MoviePageCDModel.swift */; };
		CC13CD952E03437200CCBA5F /* MovieDTO.swift in Sources */ = {isa = PBXBuildFile; fileRef = CC13CD842E03437200CCBA5F /* MovieDTO.swift */; };
		CC13CD9A2E03437200CCBA5F /* Movie.swift in Sources */ = {isa = PBXBuildFile; fileRef = CC13CD762E03437200CCBA5F /* Movie.swift */; };
		CC13CD9C2E03437200CCBA5F /* MovieCDModel.swift in Sources */ = {isa = PBXBuildFile; fileRef = CC13CD8C2E03437200CCBA5F /* MovieCDModel.swift */; };
		CC13CDA42E03437200CCBA5F /* MoviePage.swift in Sources */ = {isa = PBXBuildFile; fileRef = CC13CD772E03437200CCBA5F /* MoviePage.swift */; };
		CC13CDA62E03438A00CCBA5F /* MovieListView.swift in Sources */ = {isa = PBXBuildFile; fileRef = CC13CDA52E03438A00CCBA5F /* MovieListView.swift */; };
		CC13CDAA2E0343BB00CCBA5F /* MovieItem.swift in Sources */ = {isa = PBXBuildFile; fileRef = CC13CDA92E0343BB00CCBA5F /* MovieItem.swift */; };
		CC13CDAC2E0343DB00CCBA5F /* MovieListViewModel.swift in Sources */ = {isa = PBXBuildFile; fileRef = CC13CDAB2E0343DB00CCBA5F /* MovieListViewModel.swift */; };
		CC13CDAE2E03440500CCBA5F /* GetMovieListUseCase.swift in Sources */ = {isa = PBXBuildFile; fileRef = CC13CDAD2E03440500CCBA5F /* GetMovieListUseCase.swift */; };
		CC13CDB02E03441C00CCBA5F /* GetMovieListUseCaseImpl.swift in Sources */ = {isa = PBXBuildFile; fileRef = CC13CDAF2E03441C00CCBA5F /* GetMovieListUseCaseImpl.swift */; };
		CC13CDB22E03444000CCBA5F /* MovieListRepository.swift in Sources */ = {isa = PBXBuildFile; fileRef = CC13CDB12E03443C00CCBA5F /* MovieListRepository.swift */; };
		CC13CDB42E03446100CCBA5F /* MovieListRepositoryImpl.swift in Sources */ = {isa = PBXBuildFile; fileRef = CC13CDB32E03446000CCBA5F /* MovieListRepositoryImpl.swift */; };
		CC13CDB62E03447F00CCBA5F /* MovieAPI.swift in Sources */ = {isa = PBXBuildFile; fileRef = CC13CDB52E03447F00CCBA5F /* MovieAPI.swift */; };
		CC13CDB82E03449A00CCBA5F /* APIResponse.swift in Sources */ = {isa = PBXBuildFile; fileRef = CC13CDB72E03449A00CCBA5F /* APIResponse.swift */; };
		CC13CDBA2E0344B200CCBA5F /* MovieResponse.swift in Sources */ = {isa = PBXBuildFile; fileRef = CC13CDB92E0344B200CCBA5F /* MovieResponse.swift */; };
		CC13CDBC2E0344D300CCBA5F /* GenreDTO.swift in Sources */ = {isa = PBXBuildFile; fileRef = CC13CDBB2E0344D300CCBA5F /* GenreDTO.swift */; };
		CC13CDBE2E0344F600CCBA5F /* GenreSDModel.swift in Sources */ = {isa = PBXBuildFile; fileRef = CC13CDBD2E0344F500CCBA5F /* GenreSDModel.swift */; };
		CC13CDC02E03450C00CCBA5F /* MovieSDModel.swift in Sources */ = {isa = PBXBuildFile; fileRef = CC13CDBF2E03450A00CCBA5F /* MovieSDModel.swift */; };
		CC13CDC22E03452000CCBA5F /* MoviePageSDModel.swift in Sources */ = {isa = PBXBuildFile; fileRef = CC13CDC12E03452000CCBA5F /* MoviePageSDModel.swift */; };
		CC13CDC42E03453A00CCBA5F /* GenreCDModel.swift in Sources */ = {isa = PBXBuildFile; fileRef = CC13CDC32E03453900CCBA5F /* GenreCDModel.swift */; };
		CC13CDCC2E03457000CCBA5F /* RecoletaAlt-SemiBold.otf in Resources */ = {isa = PBXBuildFile; fileRef = CC13CDC82E03457000CCBA5F /* RecoletaAlt-SemiBold.otf */; };
		CC13CDCD2E03457000CCBA5F /* RecoletaAlt-Bold.otf in Resources */ = {isa = PBXBuildFile; fileRef = CC13CDC52E03457000CCBA5F /* RecoletaAlt-Bold.otf */; };
		CC13CDCE2E03457000CCBA5F /* RecoletaAlt-Medium.otf in Resources */ = {isa = PBXBuildFile; fileRef = CC13CDC62E03457000CCBA5F /* RecoletaAlt-Medium.otf */; };
		CC13CDCF2E03457000CCBA5F /* RecoletaAlt-Regular.otf in Resources */ = {isa = PBXBuildFile; fileRef = CC13CDC72E03457000CCBA5F /* RecoletaAlt-Regular.otf */; };
		CC13CDD12E03458700CCBA5F /* Localizable.xcstrings in Resources */ = {isa = PBXBuildFile; fileRef = CC13CDD02E03458700CCBA5F /* Localizable.xcstrings */; };
		CC13CDD32E0345C800CCBA5F /* Colors.xcassets in Resources */ = {isa = PBXBuildFile; fileRef = CC13CDD22E0345C800CCBA5F /* Colors.xcassets */; };
		CC13CDDC2E0346E200CCBA5F /* Model.xcdatamodeld in Sources */ = {isa = PBXBuildFile; fileRef = CC13CDDA2E0346E200CCBA5F /* Model.xcdatamodeld */; };
		CCE3794B2E05D67900C323AB /* MockGetMovieListUseCase.swift in Sources */ = {isa = PBXBuildFile; fileRef = CCE3794A2E05D67800C323AB /* MockGetMovieListUseCase.swift */; };
		CCE3794D2E05D69000C323AB /* MovieListViewModelTests.swift in Sources */ = {isa = PBXBuildFile; fileRef = CCE3794C2E05D68F00C323AB /* MovieListViewModelTests.swift */; };
		CCE3794F2E05D6B800C323AB /* GetMovieListUseCaseTests.swift in Sources */ = {isa = PBXBuildFile; fileRef = CCE3794E2E05D6B700C323AB /* GetMovieListUseCaseTests.swift */; };
		CCE379512E05D6D800C323AB /* MovieListRepositoryTests.swift in Sources */ = {isa = PBXBuildFile; fileRef = CCE379502E05D6D700C323AB /* MovieListRepositoryTests.swift */; };
		CCE379532E05D70000C323AB /* MockMovieListRepository.swift in Sources */ = {isa = PBXBuildFile; fileRef = CCE379522E05D6FF00C323AB /* MockMovieListRepository.swift */; };
		CCE379552E05D71700C323AB /* MockMovieApiDataSource.swift in Sources */ = {isa = PBXBuildFile; fileRef = CCE379542E05D71600C323AB /* MockMovieApiDataSource.swift */; };
		CCE379572E05D72A00C323AB /* MockMovieLocalDataSource.swift in Sources */ = {isa = PBXBuildFile; fileRef = CCE379562E05D72900C323AB /* MockMovieLocalDataSource.swift */; };
		CCE379592E05D75200C323AB /* CancellableWrapper.swift in Sources */ = {isa = PBXBuildFile; fileRef = CCE379582E05D75100C323AB /* CancellableWrapper.swift */; };
		CCE3795A2E05D77100C323AB /* Environment.swift in Sources */ = {isa = PBXBuildFile; fileRef = CC13CD1B2E03389300CCBA5F /* Environment.swift */; };
		CCE3795B2E05D77E00C323AB /* AppConstants.swift in Sources */ = {isa = PBXBuildFile; fileRef = CC13CD192E03388000CCBA5F /* AppConstants.swift */; };
		CCE3795C2E05D78A00C323AB /* AppState.swift in Sources */ = {isa = PBXBuildFile; fileRef = CC13CD262E0339A000CCBA5F /* AppState.swift */; };
		CCE3795D2E05D78E00C323AB /* DIContainer.swift in Sources */ = {isa = PBXBuildFile; fileRef = CC13CD282E0339B300CCBA5F /* DIContainer.swift */; };
		CCE3795E2E05D79400C323AB /* NetworkMonitor.swift in Sources */ = {isa = PBXBuildFile; fileRef = CC13CD372E033E1600CCBA5F /* NetworkMonitor.swift */; };
		CCE3795F2E05D79800C323AB /* CustomMoyaPlugin.swift in Sources */ = {isa = PBXBuildFile; fileRef = CC13CD392E033E2C00CCBA5F /* CustomMoyaPlugin.swift */; };
		CCE379602E05D79B00C323AB /* LocalStorage.swift in Sources */ = {isa = PBXBuildFile; fileRef = CC13CD3C2E033E8000CCBA5F /* LocalStorage.swift */; };
		CCE379612E05D79F00C323AB /* CDDataSource.swift in Sources */ = {isa = PBXBuildFile; fileRef = CC13CD3F2E033EB900CCBA5F /* CDDataSource.swift */; };
		CCE379622E05D7A300C323AB /* CoreDataStack.swift in Sources */ = {isa = PBXBuildFile; fileRef = CC13CD402E033EB900CCBA5F /* CoreDataStack.swift */; };
		CCE379632E05D7B000C323AB /* Model.xcdatamodeld in Sources */ = {isa = PBXBuildFile; fileRef = CC13CDDA2E0346E200CCBA5F /* Model.xcdatamodeld */; };
		CCE379642E05D7B800C323AB /* SDDataSource.swift in Sources */ = {isa = PBXBuildFile; fileRef = CC13CD472E033EF600CCBA5F /* SDDataSource.swift */; };
		CCE379652E05D7BB00C323AB /* KeychainManager.swift in Sources */ = {isa = PBXBuildFile; fileRef = CC13CD492E033F1200CCBA5F /* KeychainManager.swift */; };
		CCE379662E05D7C000C323AB /* UserDefaults.swift in Sources */ = {isa = PBXBuildFile; fileRef = CC13CD4B2E033F2C00CCBA5F /* UserDefaults.swift */; };
		CCE379672E05D7D800C323AB /* Publisher.swift in Sources */ = {isa = PBXBuildFile; fileRef = CC13CD562E033FE600CCBA5F /* Publisher.swift */; };
		CCE379682E05D7DC00C323AB /* MoyaProvider.swift in Sources */ = {isa = PBXBuildFile; fileRef = CC13CD582E03400000CCBA5F /* MoyaProvider.swift */; };
		CCE379692E05D7E700C323AB /* AppLogger.swift in Sources */ = {isa = PBXBuildFile; fileRef = CC13CD5B2E03402900CCBA5F /* AppLogger.swift */; };
		CCE3796A2E05D7F200C323AB /* BaseViewModel.swift in Sources */ = {isa = PBXBuildFile; fileRef = CC13CD5E2E03404400CCBA5F /* BaseViewModel.swift */; };
		CCE3796B2E05D7F700C323AB /* DomainConvertible.swift in Sources */ = {isa = PBXBuildFile; fileRef = CC13CD602E03406100CCBA5F /* DomainConvertible.swift */; };
		CCE3796C2E05D7FC00C323AB /* AppError.swift in Sources */ = {isa = PBXBuildFile; fileRef = CC13CD622E03407400CCBA5F /* AppError.swift */; };
		CCE3796D2E05D80800C323AB /* AppFont.swift in Sources */ = {isa = PBXBuildFile; fileRef = CC13CD652E03409B00CCBA5F /* AppFont.swift */; };
		CCE3796E2E05D81800C323AB /* MovieListView.swift in Sources */ = {isa = PBXBuildFile; fileRef = CC13CDA52E03438A00CCBA5F /* MovieListView.swift */; };
		CCE3796F2E05D81E00C323AB /* MovieItem.swift in Sources */ = {isa = PBXBuildFile; fileRef = CC13CDA92E0343BB00CCBA5F /* MovieItem.swift */; };
		CCE379702E05D82400C323AB /* MovieListViewModel.swift in Sources */ = {isa = PBXBuildFile; fileRef = CC13CDAB2E0343DB00CCBA5F /* MovieListViewModel.swift */; };
		CCE379712E05D82900C323AB /* GetMovieListUseCase.swift in Sources */ = {isa = PBXBuildFile; fileRef = CC13CDAD2E03440500CCBA5F /* GetMovieListUseCase.swift */; };
		CCE379722E05D82D00C323AB /* GetMovieListUseCaseImpl.swift in Sources */ = {isa = PBXBuildFile; fileRef = CC13CDAF2E03441C00CCBA5F /* GetMovieListUseCaseImpl.swift */; };
		CCE379732E05D83100C323AB /* Movie.swift in Sources */ = {isa = PBXBuildFile; fileRef = CC13CD762E03437200CCBA5F /* Movie.swift */; };
		CCE379742E05D83500C323AB /* MoviePage.swift in Sources */ = {isa = PBXBuildFile; fileRef = CC13CD772E03437200CCBA5F /* MoviePage.swift */; };
		CCE379752E05D83900C323AB /* MovieListRepository.swift in Sources */ = {isa = PBXBuildFile; fileRef = CC13CDB12E03443C00CCBA5F /* MovieListRepository.swift */; };
		CCE379762E05D83E00C323AB /* MovieListRepositoryImpl.swift in Sources */ = {isa = PBXBuildFile; fileRef = CC13CDB32E03446000CCBA5F /* MovieListRepositoryImpl.swift */; };
		CCE379772E05D84200C323AB /* MovieAPI.swift in Sources */ = {isa = PBXBuildFile; fileRef = CC13CDB52E03447F00CCBA5F /* MovieAPI.swift */; };
		CCE379782E05D84800C323AB /* APIResponse.swift in Sources */ = {isa = PBXBuildFile; fileRef = CC13CDB72E03449A00CCBA5F /* APIResponse.swift */; };
		CCE379792E05D84D00C323AB /* MovieResponse.swift in Sources */ = {isa = PBXBuildFile; fileRef = CC13CDB92E0344B200CCBA5F /* MovieResponse.swift */; };
		CCE3797A2E05D85300C323AB /* MovieDTO.swift in Sources */ = {isa = PBXBuildFile; fileRef = CC13CD842E03437200CCBA5F /* MovieDTO.swift */; };
		CCE3797B2E05D85700C323AB /* GenreDTO.swift in Sources */ = {isa = PBXBuildFile; fileRef = CC13CDBB2E0344D300CCBA5F /* GenreDTO.swift */; };
		CCE3797C2E05D85B00C323AB /* GenreSDModel.swift in Sources */ = {isa = PBXBuildFile; fileRef = CC13CDBD2E0344F500CCBA5F /* GenreSDModel.swift */; };
		CCE3797D2E05D85F00C323AB /* MovieSDModel.swift in Sources */ = {isa = PBXBuildFile; fileRef = CC13CDBF2E03450A00CCBA5F /* MovieSDModel.swift */; };
		CCE3797E2E05D86200C323AB /* MoviePageSDModel.swift in Sources */ = {isa = PBXBuildFile; fileRef = CC13CDC12E03452000CCBA5F /* MoviePageSDModel.swift */; };
		CCE3797F2E05D86600C323AB /* GenreCDModel.swift in Sources */ = {isa = PBXBuildFile; fileRef = CC13CDC32E03453900CCBA5F /* GenreCDModel.swift */; };
		CCE379802E05D86A00C323AB /* MovieCDModel.swift in Sources */ = {isa = PBXBuildFile; fileRef = CC13CD8C2E03437200CCBA5F /* MovieCDModel.swift */; };
		CCE379812E05D86E00C323AB /* MoviePageCDModel.swift in Sources */ = {isa = PBXBuildFile; fileRef = CC13CD8D2E03437200CCBA5F /* MoviePageCDModel.swift */; };
		CCE3798B2E05D99600C323AB /* Nimble in Frameworks */ = {isa = PBXBuildFile; productRef = CCE3798A2E05D99600C323AB /* Nimble */; };
		CCE3798E2E05D9C600C323AB /* Quick in Frameworks */ = {isa = PBXBuildFile; productRef = CCE3798D2E05D9C600C323AB /* Quick */; };
		CCE3798F2E05DA9200C323AB /* Date.swift in Sources */ = {isa = PBXBuildFile; fileRef = CC13CD542E033FCE00CCBA5F /* Date.swift */; };
		CCE379902E05DAA200C323AB /* Colors.xcassets in Resources */ = {isa = PBXBuildFile; fileRef = CC13CDD22E0345C800CCBA5F /* Colors.xcassets */; };
/* End PBXBuildFile section */

/* Begin PBXContainerItemProxy section */
		CC13CCD82E01E7E000CCBA5F /* PBXContainerItemProxy */ = {
			isa = PBXContainerItemProxy;
			containerPortal = CC13CCB82E01E7DE00CCBA5F /* Project object */;
			proxyType = 1;
			remoteGlobalIDString = CC13CCBF2E01E7DE00CCBA5F;
			remoteInfo = iOSSkeletonApp;
		};
		CC13CCE22E01E7E000CCBA5F /* PBXContainerItemProxy */ = {
			isa = PBXContainerItemProxy;
			containerPortal = CC13CCB82E01E7DE00CCBA5F /* Project object */;
			proxyType = 1;
			remoteGlobalIDString = CC13CCBF2E01E7DE00CCBA5F;
			remoteInfo = iOSSkeletonApp;
		};
/* End PBXContainerItemProxy section */

/* Begin PBXFileReference section */
		52EF17C12E83CD34008CAA83 /* ci_post_clone.sh */ = {isa = PBXFileReference; lastKnownFileType = text.script.sh; path = ci_post_clone.sh; sourceTree = "<group>"; };
		CC13CCC02E01E7DE00CCBA5F /* iOSSkeletonApp.app */ = {isa = PBXFileReference; explicitFileType = wrapper.application; includeInIndex = 0; path = iOSSkeletonApp.app; sourceTree = BUILT_PRODUCTS_DIR; };
		CC13CCD72E01E7E000CCBA5F /* iOSSkeletonAppTests.xctest */ = {isa = PBXFileReference; explicitFileType = wrapper.cfbundle; includeInIndex = 0; path = iOSSkeletonAppTests.xctest; sourceTree = BUILT_PRODUCTS_DIR; };
		CC13CCE12E01E7E000CCBA5F /* iOSSkeletonAppUITests.xctest */ = {isa = PBXFileReference; explicitFileType = wrapper.cfbundle; includeInIndex = 0; path = iOSSkeletonAppUITests.xctest; sourceTree = BUILT_PRODUCTS_DIR; };
		CC13CCF72E01E82500CCBA5F /* Assets.xcassets */ = {isa = PBXFileReference; lastKnownFileType = folder.assetcatalog; path = Assets.xcassets; sourceTree = "<group>"; };
		CC13CCF92E01E82500CCBA5F /* Info.plist */ = {isa = PBXFileReference; lastKnownFileType = text.plist.xml; path = Info.plist; sourceTree = "<group>"; };
		CC13CCFC2E01E82500CCBA5F /* AppEntryPoint.swift */ = {isa = PBXFileReference; lastKnownFileType = sourcecode.swift; path = AppEntryPoint.swift; sourceTree = "<group>"; };
		CC13CD062E01E82500CCBA5F /* iOSSkeletonAppTests.swift */ = {isa = PBXFileReference; lastKnownFileType = sourcecode.swift; path = iOSSkeletonAppTests.swift; sourceTree = "<group>"; };
		CC13CD082E01E82500CCBA5F /* iOSSkeletonAppUITests.swift */ = {isa = PBXFileReference; lastKnownFileType = sourcecode.swift; path = iOSSkeletonAppUITests.swift; sourceTree = "<group>"; };
		CC13CD092E01E82500CCBA5F /* iOSSkeletonAppUITestsLaunchTests.swift */ = {isa = PBXFileReference; lastKnownFileType = sourcecode.swift; path = iOSSkeletonAppUITestsLaunchTests.swift; sourceTree = "<group>"; };
		CC13CD162E0337FF00CCBA5F /* .swiftlint.yml */ = {isa = PBXFileReference; lastKnownFileType = text.yaml; path = .swiftlint.yml; sourceTree = "<group>"; };
		CC13CD192E03388000CCBA5F /* AppConstants.swift */ = {isa = PBXFileReference; lastKnownFileType = sourcecode.swift; path = AppConstants.swift; sourceTree = "<group>"; };
		CC13CD1B2E03389300CCBA5F /* Environment.swift */ = {isa = PBXFileReference; lastKnownFileType = sourcecode.swift; path = Environment.swift; sourceTree = "<group>"; };
		CC13CD1D2E03395C00CCBA5F /* Dev.xcconfig */ = {isa = PBXFileReference; lastKnownFileType = text.xcconfig; path = Dev.xcconfig; sourceTree = "<group>"; };
		CC13CD1E2E03395C00CCBA5F /* QC.xcconfig */ = {isa = PBXFileReference; lastKnownFileType = text.xcconfig; path = QC.xcconfig; sourceTree = "<group>"; };
		CC13CD1F2E03395C00CCBA5F /* UAT.xcconfig */ = {isa = PBXFileReference; lastKnownFileType = text.xcconfig; path = UAT.xcconfig; sourceTree = "<group>"; };
		CC13CD202E03395C00CCBA5F /* Production.xcconfig */ = {isa = PBXFileReference; lastKnownFileType = text.xcconfig; path = Production.xcconfig; sourceTree = "<group>"; };
		CC13CD262E0339A000CCBA5F /* AppState.swift */ = {isa = PBXFileReference; lastKnownFileType = sourcecode.swift; path = AppState.swift; sourceTree = "<group>"; };
		CC13CD282E0339B300CCBA5F /* DIContainer.swift */ = {isa = PBXFileReference; lastKnownFileType = sourcecode.swift; path = DIContainer.swift; sourceTree = "<group>"; };
		CC13CD372E033E1600CCBA5F /* NetworkMonitor.swift */ = {isa = PBXFileReference; lastKnownFileType = sourcecode.swift; path = NetworkMonitor.swift; sourceTree = "<group>"; };
		CC13CD392E033E2C00CCBA5F /* CustomMoyaPlugin.swift */ = {isa = PBXFileReference; lastKnownFileType = sourcecode.swift; path = CustomMoyaPlugin.swift; sourceTree = "<group>"; };
		CC13CD3C2E033E8000CCBA5F /* LocalStorage.swift */ = {isa = PBXFileReference; lastKnownFileType = sourcecode.swift; path = LocalStorage.swift; sourceTree = "<group>"; };
		CC13CD3F2E033EB900CCBA5F /* CDDataSource.swift */ = {isa = PBXFileReference; lastKnownFileType = sourcecode.swift; path = CDDataSource.swift; sourceTree = "<group>"; };
		CC13CD402E033EB900CCBA5F /* CoreDataStack.swift */ = {isa = PBXFileReference; lastKnownFileType = sourcecode.swift; path = CoreDataStack.swift; sourceTree = "<group>"; };
		CC13CD472E033EF600CCBA5F /* SDDataSource.swift */ = {isa = PBXFileReference; lastKnownFileType = sourcecode.swift; path = SDDataSource.swift; sourceTree = "<group>"; };
		CC13CD492E033F1200CCBA5F /* KeychainManager.swift */ = {isa = PBXFileReference; lastKnownFileType = sourcecode.swift; path = KeychainManager.swift; sourceTree = "<group>"; };
		CC13CD4B2E033F2C00CCBA5F /* UserDefaults.swift */ = {isa = PBXFileReference; lastKnownFileType = sourcecode.swift; path = UserDefaults.swift; sourceTree = "<group>"; };
		CC13CD4E2E033F5F00CCBA5F /* Dictionary.swift */ = {isa = PBXFileReference; lastKnownFileType = sourcecode.swift; path = Dictionary.swift; sourceTree = "<group>"; };
		CC13CD502E033FA700CCBA5F /* Codable.swift */ = {isa = PBXFileReference; lastKnownFileType = sourcecode.swift; path = Codable.swift; sourceTree = "<group>"; };
		CC13CD522E033FBB00CCBA5F /* Color.swift */ = {isa = PBXFileReference; lastKnownFileType = sourcecode.swift; path = Color.swift; sourceTree = "<group>"; };
		CC13CD542E033FCE00CCBA5F /* Date.swift */ = {isa = PBXFileReference; lastKnownFileType = sourcecode.swift; path = Date.swift; sourceTree = "<group>"; };
		CC13CD562E033FE600CCBA5F /* Publisher.swift */ = {isa = PBXFileReference; lastKnownFileType = sourcecode.swift; path = Publisher.swift; sourceTree = "<group>"; };
		CC13CD582E03400000CCBA5F /* MoyaProvider.swift */ = {isa = PBXFileReference; lastKnownFileType = sourcecode.swift; path = MoyaProvider.swift; sourceTree = "<group>"; };
		CC13CD5B2E03402900CCBA5F /* AppLogger.swift */ = {isa = PBXFileReference; lastKnownFileType = sourcecode.swift; path = AppLogger.swift; sourceTree = "<group>"; };
		CC13CD5E2E03404400CCBA5F /* BaseViewModel.swift */ = {isa = PBXFileReference; lastKnownFileType = sourcecode.swift; path = BaseViewModel.swift; sourceTree = "<group>"; };
		CC13CD602E03406100CCBA5F /* DomainConvertible.swift */ = {isa = PBXFileReference; lastKnownFileType = sourcecode.swift; path = DomainConvertible.swift; sourceTree = "<group>"; };
		CC13CD622E03407400CCBA5F /* AppError.swift */ = {isa = PBXFileReference; lastKnownFileType = sourcecode.swift; path = AppError.swift; sourceTree = "<group>"; };
		CC13CD652E03409B00CCBA5F /* AppFont.swift */ = {isa = PBXFileReference; lastKnownFileType = sourcecode.swift; path = AppFont.swift; sourceTree = "<group>"; };
		CC13CD672E03433900CCBA5F /* MainTabView.swift */ = {isa = PBXFileReference; lastKnownFileType = sourcecode.swift; path = MainTabView.swift; sourceTree = "<group>"; };
		CC13CD762E03437200CCBA5F /* Movie.swift */ = {isa = PBXFileReference; lastKnownFileType = sourcecode.swift; path = Movie.swift; sourceTree = "<group>"; };
		CC13CD772E03437200CCBA5F /* MoviePage.swift */ = {isa = PBXFileReference; lastKnownFileType = sourcecode.swift; path = MoviePage.swift; sourceTree = "<group>"; };
		CC13CD842E03437200CCBA5F /* MovieDTO.swift */ = {isa = PBXFileReference; lastKnownFileType = sourcecode.swift; path = MovieDTO.swift; sourceTree = "<group>"; };
		CC13CD8C2E03437200CCBA5F /* MovieCDModel.swift */ = {isa = PBXFileReference; lastKnownFileType = sourcecode.swift; path = MovieCDModel.swift; sourceTree = "<group>"; };
		CC13CD8D2E03437200CCBA5F /* MoviePageCDModel.swift */ = {isa = PBXFileReference; lastKnownFileType = sourcecode.swift; path = MoviePageCDModel.swift; sourceTree = "<group>"; };
		CC13CDA52E03438A00CCBA5F /* MovieListView.swift */ = {isa = PBXFileReference; lastKnownFileType = sourcecode.swift; path = MovieListView.swift; sourceTree = "<group>"; };
		CC13CDA92E0343BB00CCBA5F /* MovieItem.swift */ = {isa = PBXFileReference; lastKnownFileType = sourcecode.swift; path = MovieItem.swift; sourceTree = "<group>"; };
		CC13CDAB2E0343DB00CCBA5F /* MovieListViewModel.swift */ = {isa = PBXFileReference; lastKnownFileType = sourcecode.swift; path = MovieListViewModel.swift; sourceTree = "<group>"; };
		CC13CDAD2E03440500CCBA5F /* GetMovieListUseCase.swift */ = {isa = PBXFileReference; lastKnownFileType = sourcecode.swift; path = GetMovieListUseCase.swift; sourceTree = "<group>"; };
		CC13CDAF2E03441C00CCBA5F /* GetMovieListUseCaseImpl.swift */ = {isa = PBXFileReference; lastKnownFileType = sourcecode.swift; path = GetMovieListUseCaseImpl.swift; sourceTree = "<group>"; };
		CC13CDB12E03443C00CCBA5F /* MovieListRepository.swift */ = {isa = PBXFileReference; lastKnownFileType = sourcecode.swift; path = MovieListRepository.swift; sourceTree = "<group>"; };
		CC13CDB32E03446000CCBA5F /* MovieListRepositoryImpl.swift */ = {isa = PBXFileReference; lastKnownFileType = sourcecode.swift; path = MovieListRepositoryImpl.swift; sourceTree = "<group>"; };
		CC13CDB52E03447F00CCBA5F /* MovieAPI.swift */ = {isa = PBXFileReference; lastKnownFileType = sourcecode.swift; path = MovieAPI.swift; sourceTree = "<group>"; };
		CC13CDB72E03449A00CCBA5F /* APIResponse.swift */ = {isa = PBXFileReference; lastKnownFileType = sourcecode.swift; path = APIResponse.swift; sourceTree = "<group>"; };
		CC13CDB92E0344B200CCBA5F /* MovieResponse.swift */ = {isa = PBXFileReference; lastKnownFileType = sourcecode.swift; path = MovieResponse.swift; sourceTree = "<group>"; };
		CC13CDBB2E0344D300CCBA5F /* GenreDTO.swift */ = {isa = PBXFileReference; lastKnownFileType = sourcecode.swift; path = GenreDTO.swift; sourceTree = "<group>"; };
		CC13CDBD2E0344F500CCBA5F /* GenreSDModel.swift */ = {isa = PBXFileReference; lastKnownFileType = sourcecode.swift; path = GenreSDModel.swift; sourceTree = "<group>"; };
		CC13CDBF2E03450A00CCBA5F /* MovieSDModel.swift */ = {isa = PBXFileReference; lastKnownFileType = sourcecode.swift; path = MovieSDModel.swift; sourceTree = "<group>"; };
		CC13CDC12E03452000CCBA5F /* MoviePageSDModel.swift */ = {isa = PBXFileReference; lastKnownFileType = sourcecode.swift; path = MoviePageSDModel.swift; sourceTree = "<group>"; };
		CC13CDC32E03453900CCBA5F /* GenreCDModel.swift */ = {isa = PBXFileReference; lastKnownFileType = sourcecode.swift; path = GenreCDModel.swift; sourceTree = "<group>"; };
		CC13CDC52E03457000CCBA5F /* RecoletaAlt-Bold.otf */ = {isa = PBXFileReference; lastKnownFileType = file; path = "RecoletaAlt-Bold.otf"; sourceTree = "<group>"; };
		CC13CDC62E03457000CCBA5F /* RecoletaAlt-Medium.otf */ = {isa = PBXFileReference; lastKnownFileType = file; path = "RecoletaAlt-Medium.otf"; sourceTree = "<group>"; };
		CC13CDC72E03457000CCBA5F /* RecoletaAlt-Regular.otf */ = {isa = PBXFileReference; lastKnownFileType = file; path = "RecoletaAlt-Regular.otf"; sourceTree = "<group>"; };
		CC13CDC82E03457000CCBA5F /* RecoletaAlt-SemiBold.otf */ = {isa = PBXFileReference; lastKnownFileType = file; path = "RecoletaAlt-SemiBold.otf"; sourceTree = "<group>"; };
		CC13CDD02E03458700CCBA5F /* Localizable.xcstrings */ = {isa = PBXFileReference; lastKnownFileType = text.json.xcstrings; path = Localizable.xcstrings; sourceTree = "<group>"; };
		CC13CDD22E0345C800CCBA5F /* Colors.xcassets */ = {isa = PBXFileReference; lastKnownFileType = folder.assetcatalog; path = Colors.xcassets; sourceTree = "<group>"; };
		CC13CDDB2E0346E200CCBA5F /* Model.xcdatamodel */ = {isa = PBXFileReference; lastKnownFileType = wrapper.xcdatamodel; path = Model.xcdatamodel; sourceTree = "<group>"; };
		CCE3794A2E05D67800C323AB /* MockGetMovieListUseCase.swift */ = {isa = PBXFileReference; lastKnownFileType = sourcecode.swift; path = MockGetMovieListUseCase.swift; sourceTree = "<group>"; };
		CCE3794C2E05D68F00C323AB /* MovieListViewModelTests.swift */ = {isa = PBXFileReference; lastKnownFileType = sourcecode.swift; path = MovieListViewModelTests.swift; sourceTree = "<group>"; };
		CCE3794E2E05D6B700C323AB /* GetMovieListUseCaseTests.swift */ = {isa = PBXFileReference; lastKnownFileType = sourcecode.swift; path = GetMovieListUseCaseTests.swift; sourceTree = "<group>"; };
		CCE379502E05D6D700C323AB /* MovieListRepositoryTests.swift */ = {isa = PBXFileReference; lastKnownFileType = sourcecode.swift; path = MovieListRepositoryTests.swift; sourceTree = "<group>"; };
		CCE379522E05D6FF00C323AB /* MockMovieListRepository.swift */ = {isa = PBXFileReference; lastKnownFileType = sourcecode.swift; path = MockMovieListRepository.swift; sourceTree = "<group>"; };
		CCE379542E05D71600C323AB /* MockMovieApiDataSource.swift */ = {isa = PBXFileReference; lastKnownFileType = sourcecode.swift; path = MockMovieApiDataSource.swift; sourceTree = "<group>"; };
		CCE379562E05D72900C323AB /* MockMovieLocalDataSource.swift */ = {isa = PBXFileReference; lastKnownFileType = sourcecode.swift; path = MockMovieLocalDataSource.swift; sourceTree = "<group>"; };
		CCE379582E05D75100C323AB /* CancellableWrapper.swift */ = {isa = PBXFileReference; lastKnownFileType = sourcecode.swift; path = CancellableWrapper.swift; sourceTree = "<group>"; };
/* End PBXFileReference section */

/* Begin PBXFrameworksBuildPhase section */
		CC13CCBD2E01E7DE00CCBA5F /* Frameworks */ = {
			isa = PBXFrameworksBuildPhase;
			buildActionMask = 2147483647;
			files = (
				CC13CD2F2E033A0A00CCBA5F /* Kingfisher in Frameworks */,
				CC13CD2C2E0339F200CCBA5F /* Factory in Frameworks */,
				CC13CD322E033D2A00CCBA5F /* Moya in Frameworks */,
			);
			runOnlyForDeploymentPostprocessing = 0;
		};
		CC13CCD42E01E7E000CCBA5F /* Frameworks */ = {
			isa = PBXFrameworksBuildPhase;
			buildActionMask = 2147483647;
			files = (
				CCE3798E2E05D9C600C323AB /* Quick in Frameworks */,
				CCE3798B2E05D99600C323AB /* Nimble in Frameworks */,
			);
			runOnlyForDeploymentPostprocessing = 0;
		};
		CC13CCDE2E01E7E000CCBA5F /* Frameworks */ = {
			isa = PBXFrameworksBuildPhase;
			buildActionMask = 2147483647;
			files = (
			);
			runOnlyForDeploymentPostprocessing = 0;
		};
/* End PBXFrameworksBuildPhase section */

/* Begin PBXGroup section */
		52EF17C22E83CD34008CAA83 /* ci_scripts */ = {
			isa = PBXGroup;
			children = (
				52EF17C12E83CD34008CAA83 /* ci_post_clone.sh */,
			);
			path = ci_scripts;
			sourceTree = "<group>";
		};
		CC13CCB72E01E7DE00CCBA5F = {
			isa = PBXGroup;
			children = (
				52EF17C22E83CD34008CAA83 /* ci_scripts */,
				CC13CD0C2E03352200CCBA5F /* iOSSkeletonApp */,
				CC13CD102E03355B00CCBA5F /* iOSSkeletonAppTests */,
				CC13CD112E03357100CCBA5F /* iOSSkeletonAppUITests */,
				CCE379822E05D89800C323AB /* Frameworks */,
				CC13CCC12E01E7DE00CCBA5F /* Products */,
			);
			sourceTree = "<group>";
		};
		CC13CCC12E01E7DE00CCBA5F /* Products */ = {
			isa = PBXGroup;
			children = (
				CC13CCC02E01E7DE00CCBA5F /* iOSSkeletonApp.app */,
				CC13CCD72E01E7E000CCBA5F /* iOSSkeletonAppTests.xctest */,
				CC13CCE12E01E7E000CCBA5F /* iOSSkeletonAppUITests.xctest */,
			);
			name = Products;
			sourceTree = "<group>";
		};
		CC13CD0C2E03352200CCBA5F /* iOSSkeletonApp */ = {
			isa = PBXGroup;
			children = (
				CC13CD162E0337FF00CCBA5F /* .swiftlint.yml */,
				CC13CD122E0335AB00CCBA5F /* Application */,
				CC13CD132E0335B900CCBA5F /* Core */,
				CC13CD142E0335C400CCBA5F /* Features */,
				CC13CD152E0335D600CCBA5F /* Resources */,
			);
			path = iOSSkeletonApp;
			sourceTree = "<group>";
		};
		CC13CD102E03355B00CCBA5F /* iOSSkeletonAppTests */ = {
			isa = PBXGroup;
			children = (
				CCE3793F2E05D65500C323AB /* Features */,
				CCE379412E05D65500C323AB /* Utils */,
				CC13CD062E01E82500CCBA5F /* iOSSkeletonAppTests.swift */,
			);
			path = iOSSkeletonAppTests;
			sourceTree = "<group>";
		};
		CC13CD112E03357100CCBA5F /* iOSSkeletonAppUITests */ = {
			isa = PBXGroup;
			children = (
				CC13CD082E01E82500CCBA5F /* iOSSkeletonAppUITests.swift */,
				CC13CD092E01E82500CCBA5F /* iOSSkeletonAppUITestsLaunchTests.swift */,
			);
			path = iOSSkeletonAppUITests;
			sourceTree = "<group>";
		};
		CC13CD122E0335AB00CCBA5F /* Application */ = {
			isa = PBXGroup;
			children = (
				CC13CCFC2E01E82500CCBA5F /* AppEntryPoint.swift */,
			);
			path = Application;
			sourceTree = "<group>";
		};
		CC13CD132E0335B900CCBA5F /* Core */ = {
			isa = PBXGroup;
			children = (
				CC13CD182E03386E00CCBA5F /* Configuration */,
				CC13CD252E03398500CCBA5F /* DI */,
				CC13CD362E033E0600CCBA5F /* Networking */,
				CC13CD3B2E033E7000CCBA5F /* LocalStorage */,
				CC13CD4D2E033F3E00CCBA5F /* Extensions */,
				CC13CD5A2E03401900CCBA5F /* Logger */,
				CC13CD5D2E03403A00CCBA5F /* Common */,
				CC13CD642E03408A00CCBA5F /* Utilities */,
			);
			path = Core;
			sourceTree = "<group>";
		};
		CC13CD142E0335C400CCBA5F /* Features */ = {
			isa = PBXGroup;
			children = (
				CC13CD672E03433900CCBA5F /* MainTabView.swift */,
				CC13CD692E03435700CCBA5F /* Components */,
				CC13CD6A2E03436400CCBA5F /* MovieList */,
			);
			path = Features;
			sourceTree = "<group>";
		};
		CC13CD152E0335D600CCBA5F /* Resources */ = {
			isa = PBXGroup;
			children = (
				CC13CDC92E03457000CCBA5F /* Fonts */,
				CC13CDCA2E03457000CCBA5F /* Videos */,
				CC13CDCB2E03457000CCBA5F /* Lottie */,
				CC13CDD22E0345C800CCBA5F /* Colors.xcassets */,
				CC13CCF72E01E82500CCBA5F /* Assets.xcassets */,
				CC13CDD02E03458700CCBA5F /* Localizable.xcstrings */,
				CC13CCF92E01E82500CCBA5F /* Info.plist */,
			);
			path = Resources;
			sourceTree = "<group>";
		};
		CC13CD182E03386E00CCBA5F /* Configuration */ = {
			isa = PBXGroup;
			children = (
				CC13CD192E03388000CCBA5F /* AppConstants.swift */,
				CC13CD1B2E03389300CCBA5F /* Environment.swift */,
				CC13CD1D2E03395C00CCBA5F /* Dev.xcconfig */,
				CC13CD1E2E03395C00CCBA5F /* QC.xcconfig */,
				CC13CD1F2E03395C00CCBA5F /* UAT.xcconfig */,
				CC13CD202E03395C00CCBA5F /* Production.xcconfig */,
			);
			path = Configuration;
			sourceTree = "<group>";
		};
		CC13CD252E03398500CCBA5F /* DI */ = {
			isa = PBXGroup;
			children = (
				CC13CD262E0339A000CCBA5F /* AppState.swift */,
				CC13CD282E0339B300CCBA5F /* DIContainer.swift */,
			);
			path = DI;
			sourceTree = "<group>";
		};
		CC13CD362E033E0600CCBA5F /* Networking */ = {
			isa = PBXGroup;
			children = (
				CC13CD372E033E1600CCBA5F /* NetworkMonitor.swift */,
				CC13CD392E033E2C00CCBA5F /* CustomMoyaPlugin.swift */,
			);
			path = Networking;
			sourceTree = "<group>";
		};
		CC13CD3B2E033E7000CCBA5F /* LocalStorage */ = {
			isa = PBXGroup;
			children = (
				CC13CD3C2E033E8000CCBA5F /* LocalStorage.swift */,
				CC13CD3E2E033E9C00CCBA5F /* CoreData */,
				CC13CD462E033EE800CCBA5F /* SwiftData */,
				CC13CD492E033F1200CCBA5F /* KeychainManager.swift */,
				CC13CD4B2E033F2C00CCBA5F /* UserDefaults.swift */,
			);
			path = LocalStorage;
			sourceTree = "<group>";
		};
		CC13CD3E2E033E9C00CCBA5F /* CoreData */ = {
			isa = PBXGroup;
			children = (
				CC13CD3F2E033EB900CCBA5F /* CDDataSource.swift */,
				CC13CD402E033EB900CCBA5F /* CoreDataStack.swift */,
				CC13CDDA2E0346E200CCBA5F /* Model.xcdatamodeld */,
			);
			path = CoreData;
			sourceTree = "<group>";
		};
		CC13CD462E033EE800CCBA5F /* SwiftData */ = {
			isa = PBXGroup;
			children = (
				CC13CD472E033EF600CCBA5F /* SDDataSource.swift */,
			);
			path = SwiftData;
			sourceTree = "<group>";
		};
		CC13CD4D2E033F3E00CCBA5F /* Extensions */ = {
			isa = PBXGroup;
			children = (
				CC13CD4E2E033F5F00CCBA5F /* Dictionary.swift */,
				CC13CD502E033FA700CCBA5F /* Codable.swift */,
				CC13CD522E033FBB00CCBA5F /* Color.swift */,
				CC13CD542E033FCE00CCBA5F /* Date.swift */,
				CC13CD562E033FE600CCBA5F /* Publisher.swift */,
				CC13CD582E03400000CCBA5F /* MoyaProvider.swift */,
			);
			path = Extensions;
			sourceTree = "<group>";
		};
		CC13CD5A2E03401900CCBA5F /* Logger */ = {
			isa = PBXGroup;
			children = (
				CC13CD5B2E03402900CCBA5F /* AppLogger.swift */,
			);
			path = Logger;
			sourceTree = "<group>";
		};
		CC13CD5D2E03403A00CCBA5F /* Common */ = {
			isa = PBXGroup;
			children = (
				CC13CD5E2E03404400CCBA5F /* BaseViewModel.swift */,
				CC13CD602E03406100CCBA5F /* DomainConvertible.swift */,
				CC13CD622E03407400CCBA5F /* AppError.swift */,
			);
			path = Common;
			sourceTree = "<group>";
		};
		CC13CD642E03408A00CCBA5F /* Utilities */ = {
			isa = PBXGroup;
			children = (
				CC13CD652E03409B00CCBA5F /* AppFont.swift */,
			);
			path = Utilities;
			sourceTree = "<group>";
		};
		CC13CD692E03435700CCBA5F /* Components */ = {
			isa = PBXGroup;
			children = (
			);
			path = Components;
			sourceTree = "<group>";
		};
		CC13CD6A2E03436400CCBA5F /* MovieList */ = {
			isa = PBXGroup;
			children = (
				CC13CD712E03437200CCBA5F /* Presentation */,
				CC13CD7B2E03437200CCBA5F /* Domain */,
				CC13CD902E03437200CCBA5F /* Data */,
			);
			path = MovieList;
			sourceTree = "<group>";
		};
		CC13CD6D2E03437200CCBA5F /* Components */ = {
			isa = PBXGroup;
			children = (
			);
			path = Components;
			sourceTree = "<group>";
		};
		CC13CD6E2E03437200CCBA5F /* View */ = {
			isa = PBXGroup;
			children = (
				CC13CDA52E03438A00CCBA5F /* MovieListView.swift */,
				CC13CDA92E0343BB00CCBA5F /* MovieItem.swift */,
				CC13CD6D2E03437200CCBA5F /* Components */,
			);
			path = View;
			sourceTree = "<group>";
		};
		CC13CD702E03437200CCBA5F /* ViewModel */ = {
			isa = PBXGroup;
			children = (
				CC13CDAB2E0343DB00CCBA5F /* MovieListViewModel.swift */,
			);
			path = ViewModel;
			sourceTree = "<group>";
		};
		CC13CD712E03437200CCBA5F /* Presentation */ = {
			isa = PBXGroup;
			children = (
				CC13CD6E2E03437200CCBA5F /* View */,
				CC13CD702E03437200CCBA5F /* ViewModel */,
			);
			path = Presentation;
			sourceTree = "<group>";
		};
		CC13CD742E03437200CCBA5F /* Impl */ = {
			isa = PBXGroup;
			children = (
				CC13CDAF2E03441C00CCBA5F /* GetMovieListUseCaseImpl.swift */,
			);
			path = Impl;
			sourceTree = "<group>";
		};
		CC13CD752E03437200CCBA5F /* UseCases */ = {
			isa = PBXGroup;
			children = (
				CC13CDAD2E03440500CCBA5F /* GetMovieListUseCase.swift */,
				CC13CD742E03437200CCBA5F /* Impl */,
			);
			path = UseCases;
			sourceTree = "<group>";
		};
		CC13CD782E03437200CCBA5F /* Entities */ = {
			isa = PBXGroup;
			children = (
				CC13CD762E03437200CCBA5F /* Movie.swift */,
				CC13CD772E03437200CCBA5F /* MoviePage.swift */,
			);
			path = Entities;
			sourceTree = "<group>";
		};
		CC13CD7A2E03437200CCBA5F /* Repositories */ = {
			isa = PBXGroup;
			children = (
				CC13CDB12E03443C00CCBA5F /* MovieListRepository.swift */,
			);
			path = Repositories;
			sourceTree = "<group>";
		};
		CC13CD7B2E03437200CCBA5F /* Domain */ = {
			isa = PBXGroup;
			children = (
				CC13CD752E03437200CCBA5F /* UseCases */,
				CC13CD782E03437200CCBA5F /* Entities */,
				CC13CD7A2E03437200CCBA5F /* Repositories */,
			);
			path = Domain;
			sourceTree = "<group>";
		};
		CC13CD7D2E03437200CCBA5F /* Repositories */ = {
			isa = PBXGroup;
			children = (
				CC13CDB32E03446000CCBA5F /* MovieListRepositoryImpl.swift */,
			);
			path = Repositories;
			sourceTree = "<group>";
		};
		CC13CD7F2E03437200CCBA5F /* Datasources */ = {
			isa = PBXGroup;
			children = (
				CC13CDB52E03447F00CCBA5F /* MovieAPI.swift */,
			);
			path = Datasources;
			sourceTree = "<group>";
		};
		CC13CD802E03437200CCBA5F /* RequestParameters */ = {
			isa = PBXGroup;
			children = (
			);
			path = RequestParameters;
			sourceTree = "<group>";
		};
		CC13CD832E03437200CCBA5F /* Responses */ = {
			isa = PBXGroup;
			children = (
				CC13CDB72E03449A00CCBA5F /* APIResponse.swift */,
				CC13CDB92E0344B200CCBA5F /* MovieResponse.swift */,
			);
			path = Responses;
			sourceTree = "<group>";
		};
		CC13CD862E03437200CCBA5F /* DTOs */ = {
			isa = PBXGroup;
			children = (
				CC13CD842E03437200CCBA5F /* MovieDTO.swift */,
				CC13CDBB2E0344D300CCBA5F /* GenreDTO.swift */,
			);
			path = DTOs;
			sourceTree = "<group>";
		};
		CC13CD8A2E03437200CCBA5F /* SwiftDataModels */ = {
			isa = PBXGroup;
			children = (
				CC13CDBD2E0344F500CCBA5F /* GenreSDModel.swift */,
				CC13CDBF2E03450A00CCBA5F /* MovieSDModel.swift */,
				CC13CDC12E03452000CCBA5F /* MoviePageSDModel.swift */,
			);
			path = SwiftDataModels;
			sourceTree = "<group>";
		};
		CC13CD8E2E03437200CCBA5F /* CoreDataModels */ = {
			isa = PBXGroup;
			children = (
				CC13CDC32E03453900CCBA5F /* GenreCDModel.swift */,
				CC13CD8C2E03437200CCBA5F /* MovieCDModel.swift */,
				CC13CD8D2E03437200CCBA5F /* MoviePageCDModel.swift */,
			);
			path = CoreDataModels;
			sourceTree = "<group>";
		};
		CC13CD8F2E03437200CCBA5F /* Models */ = {
			isa = PBXGroup;
			children = (
				CC13CD802E03437200CCBA5F /* RequestParameters */,
				CC13CD832E03437200CCBA5F /* Responses */,
				CC13CD862E03437200CCBA5F /* DTOs */,
				CC13CD8A2E03437200CCBA5F /* SwiftDataModels */,
				CC13CD8E2E03437200CCBA5F /* CoreDataModels */,
			);
			path = Models;
			sourceTree = "<group>";
		};
		CC13CD902E03437200CCBA5F /* Data */ = {
			isa = PBXGroup;
			children = (
				CC13CD7D2E03437200CCBA5F /* Repositories */,
				CC13CD7F2E03437200CCBA5F /* Datasources */,
				CC13CD8F2E03437200CCBA5F /* Models */,
			);
			path = Data;
			sourceTree = "<group>";
		};
		CC13CDC92E03457000CCBA5F /* Fonts */ = {
			isa = PBXGroup;
			children = (
				CC13CDC52E03457000CCBA5F /* RecoletaAlt-Bold.otf */,
				CC13CDC62E03457000CCBA5F /* RecoletaAlt-Medium.otf */,
				CC13CDC72E03457000CCBA5F /* RecoletaAlt-Regular.otf */,
				CC13CDC82E03457000CCBA5F /* RecoletaAlt-SemiBold.otf */,
			);
			path = Fonts;
			sourceTree = "<group>";
		};
		CC13CDCA2E03457000CCBA5F /* Videos */ = {
			isa = PBXGroup;
			children = (
			);
			path = Videos;
			sourceTree = "<group>";
		};
		CC13CDCB2E03457000CCBA5F /* Lottie */ = {
			isa = PBXGroup;
			children = (
			);
			path = Lottie;
			sourceTree = "<group>";
		};
		CCE379332E05D65500C323AB /* Mocks */ = {
			isa = PBXGroup;
			children = (
				CCE379542E05D71600C323AB /* MockMovieApiDataSource.swift */,
				CCE379562E05D72900C323AB /* MockMovieLocalDataSource.swift */,
			);
			path = Mocks;
			sourceTree = "<group>";
		};
		CCE379352E05D65500C323AB /* Repositories */ = {
			isa = PBXGroup;
			children = (
				CCE379502E05D6D700C323AB /* MovieListRepositoryTests.swift */,
				CCE379332E05D65500C323AB /* Mocks */,
			);
			path = Repositories;
			sourceTree = "<group>";
		};
		CCE379372E05D65500C323AB /* Mocks */ = {
			isa = PBXGroup;
			children = (
				CCE379522E05D6FF00C323AB /* MockMovieListRepository.swift */,
			);
			path = Mocks;
			sourceTree = "<group>";
		};
		CCE379392E05D65500C323AB /* UseCase */ = {
			isa = PBXGroup;
			children = (
				CCE3794E2E05D6B700C323AB /* GetMovieListUseCaseTests.swift */,
				CCE379372E05D65500C323AB /* Mocks */,
			);
			path = UseCase;
			sourceTree = "<group>";
		};
		CCE3793B2E05D65500C323AB /* Mocks */ = {
			isa = PBXGroup;
			children = (
				CCE3794A2E05D67800C323AB /* MockGetMovieListUseCase.swift */,
			);
			path = Mocks;
			sourceTree = "<group>";
		};
		CCE3793D2E05D65500C323AB /* ViewModel */ = {
			isa = PBXGroup;
			children = (
				CCE3794C2E05D68F00C323AB /* MovieListViewModelTests.swift */,
				CCE3793B2E05D65500C323AB /* Mocks */,
			);
			path = ViewModel;
			sourceTree = "<group>";
		};
		CCE3793E2E05D65500C323AB /* MovieList */ = {
			isa = PBXGroup;
			children = (
				CCE3793D2E05D65500C323AB /* ViewModel */,
				CCE379392E05D65500C323AB /* UseCase */,
				CCE379352E05D65500C323AB /* Repositories */,
			);
			path = MovieList;
			sourceTree = "<group>";
		};
		CCE3793F2E05D65500C323AB /* Features */ = {
			isa = PBXGroup;
			children = (
				CCE3793E2E05D65500C323AB /* MovieList */,
			);
			path = Features;
			sourceTree = "<group>";
		};
		CCE379412E05D65500C323AB /* Utils */ = {
			isa = PBXGroup;
			children = (
				CCE379582E05D75100C323AB /* CancellableWrapper.swift */,
			);
			path = Utils;
			sourceTree = "<group>";
		};
		CCE379822E05D89800C323AB /* Frameworks */ = {
			isa = PBXGroup;
			children = (
			);
			name = Frameworks;
			sourceTree = "<group>";
		};
/* End PBXGroup section */

/* Begin PBXNativeTarget section */
		CC13CCBF2E01E7DE00CCBA5F /* iOSSkeletonApp */ = {
			isa = PBXNativeTarget;
			buildConfigurationList = CC13CCEA2E01E7E000CCBA5F /* Build configuration list for PBXNativeTarget "iOSSkeletonApp" */;
			buildPhases = (
				CC13CCBC2E01E7DE00CCBA5F /* Sources */,
				CC13CCBD2E01E7DE00CCBA5F /* Frameworks */,
				CC13CCBE2E01E7DE00CCBA5F /* Resources */,
			);
			buildRules = (
			);
			dependencies = (
				CC13CDE82E048ED800CCBA5F /* PBXTargetDependency */,
			);
			name = iOSSkeletonApp;
			packageProductDependencies = (
				CC13CD2B2E0339F200CCBA5F /* Factory */,
				CC13CD2E2E033A0A00CCBA5F /* Kingfisher */,
				CC13CD312E033D2A00CCBA5F /* Moya */,
			);
			productName = iOSSkeletonApp;
			productReference = CC13CCC02E01E7DE00CCBA5F /* iOSSkeletonApp.app */;
			productType = "com.apple.product-type.application";
		};
		CC13CCD62E01E7E000CCBA5F /* iOSSkeletonAppTests */ = {
			isa = PBXNativeTarget;
			buildConfigurationList = CC13CCEF2E01E7E000CCBA5F /* Build configuration list for PBXNativeTarget "iOSSkeletonAppTests" */;
			buildPhases = (
				CC13CCD32E01E7E000CCBA5F /* Sources */,
				CC13CCD42E01E7E000CCBA5F /* Frameworks */,
				CC13CCD52E01E7E000CCBA5F /* Resources */,
			);
			buildRules = (
			);
			dependencies = (
				CC13CCD92E01E7E000CCBA5F /* PBXTargetDependency */,
			);
			name = iOSSkeletonAppTests;
			packageProductDependencies = (
				CCE3798A2E05D99600C323AB /* Nimble */,
				CCE3798D2E05D9C600C323AB /* Quick */,
			);
			productName = iOSSkeletonAppTests;
			productReference = CC13CCD72E01E7E000CCBA5F /* iOSSkeletonAppTests.xctest */;
			productType = "com.apple.product-type.bundle.unit-test";
		};
		CC13CCE02E01E7E000CCBA5F /* iOSSkeletonAppUITests */ = {
			isa = PBXNativeTarget;
			buildConfigurationList = CC13CCF22E01E7E000CCBA5F /* Build configuration list for PBXNativeTarget "iOSSkeletonAppUITests" */;
			buildPhases = (
				CC13CCDD2E01E7E000CCBA5F /* Sources */,
				CC13CCDE2E01E7E000CCBA5F /* Frameworks */,
				CC13CCDF2E01E7E000CCBA5F /* Resources */,
			);
			buildRules = (
			);
			dependencies = (
				CC13CCE32E01E7E000CCBA5F /* PBXTargetDependency */,
			);
			name = iOSSkeletonAppUITests;
			packageProductDependencies = (
			);
			productName = iOSSkeletonAppUITests;
			productReference = CC13CCE12E01E7E000CCBA5F /* iOSSkeletonAppUITests.xctest */;
			productType = "com.apple.product-type.bundle.ui-testing";
		};
/* End PBXNativeTarget section */

/* Begin PBXProject section */
		CC13CCB82E01E7DE00CCBA5F /* Project object */ = {
			isa = PBXProject;
			attributes = {
				BuildIndependentTargetsInParallel = 1;
				LastSwiftUpdateCheck = 1610;
				LastUpgradeCheck = 1610;
				TargetAttributes = {
					CC13CCBF2E01E7DE00CCBA5F = {
						CreatedOnToolsVersion = 16.1;
					};
					CC13CCD62E01E7E000CCBA5F = {
						CreatedOnToolsVersion = 16.1;
						TestTargetID = CC13CCBF2E01E7DE00CCBA5F;
					};
					CC13CCE02E01E7E000CCBA5F = {
						CreatedOnToolsVersion = 16.1;
						TestTargetID = CC13CCBF2E01E7DE00CCBA5F;
					};
				};
			};
			buildConfigurationList = CC13CCBB2E01E7DE00CCBA5F /* Build configuration list for PBXProject "iOSSkeletonApp" */;
			developmentRegion = en;
			hasScannedForEncodings = 0;
			knownRegions = (
				en,
				Base,
			);
			mainGroup = CC13CCB72E01E7DE00CCBA5F;
			minimizedProjectReferenceProxies = 1;
			packageReferences = (
				CC13CD2A2E0339F200CCBA5F /* XCRemoteSwiftPackageReference "Factory" */,
				CC13CD2D2E033A0A00CCBA5F /* XCRemoteSwiftPackageReference "Kingfisher" */,
				CC13CD302E033D2A00CCBA5F /* XCRemoteSwiftPackageReference "Moya" */,
				CC13CD332E033D5A00CCBA5F /* XCRemoteSwiftPackageReference "Nimble" */,
				CC13CD352E033DA700CCBA5F /* XCRemoteSwiftPackageReference "SwiftLint" */,
				CCE3798C2E05D9C600C323AB /* XCRemoteSwiftPackageReference "Quick" */,
			);
			preferredProjectObjectVersion = 77;
			productRefGroup = CC13CCC12E01E7DE00CCBA5F /* Products */;
			projectDirPath = "";
			projectRoot = "";
			targets = (
				CC13CCBF2E01E7DE00CCBA5F /* iOSSkeletonApp */,
				CC13CCD62E01E7E000CCBA5F /* iOSSkeletonAppTests */,
				CC13CCE02E01E7E000CCBA5F /* iOSSkeletonAppUITests */,
			);
		};
/* End PBXProject section */

/* Begin PBXResourcesBuildPhase section */
		CC13CCBE2E01E7DE00CCBA5F /* Resources */ = {
			isa = PBXResourcesBuildPhase;
			buildActionMask = 2147483647;
			files = (
				CC13CD212E03395C00CCBA5F /* UAT.xcconfig in Resources */,
				CC13CD222E03395C00CCBA5F /* Dev.xcconfig in Resources */,
				CC13CD232E03395C00CCBA5F /* Production.xcconfig in Resources */,
				CC13CDCC2E03457000CCBA5F /* RecoletaAlt-SemiBold.otf in Resources */,
				CC13CDCD2E03457000CCBA5F /* RecoletaAlt-Bold.otf in Resources */,
				CC13CDD12E03458700CCBA5F /* Localizable.xcstrings in Resources */,
				CC13CDCE2E03457000CCBA5F /* RecoletaAlt-Medium.otf in Resources */,
				CC13CDCF2E03457000CCBA5F /* RecoletaAlt-Regular.otf in Resources */,
				CC13CD242E03395C00CCBA5F /* QC.xcconfig in Resources */,
				CC13CDD32E0345C800CCBA5F /* Colors.xcassets in Resources */,
				CC13CD042E01E82500CCBA5F /* Assets.xcassets in Resources */,
			);
			runOnlyForDeploymentPostprocessing = 0;
		};
		CC13CCD52E01E7E000CCBA5F /* Resources */ = {
			isa = PBXResourcesBuildPhase;
			buildActionMask = 2147483647;
			files = (
				CCE379902E05DAA200C323AB /* Colors.xcassets in Resources */,
			);
			runOnlyForDeploymentPostprocessing = 0;
		};
		CC13CCDF2E01E7E000CCBA5F /* Resources */ = {
			isa = PBXResourcesBuildPhase;
			buildActionMask = 2147483647;
			files = (
			);
			runOnlyForDeploymentPostprocessing = 0;
		};
/* End PBXResourcesBuildPhase section */

/* Begin PBXSourcesBuildPhase section */
		CC13CCBC2E01E7DE00CCBA5F /* Sources */ = {
			isa = PBXSourcesBuildPhase;
			buildActionMask = 2147483647;
			files = (
				CC13CDC02E03450C00CCBA5F /* MovieSDModel.swift in Sources */,
				CC13CD1A2E03388000CCBA5F /* AppConstants.swift in Sources */,
				CC13CD172E03380700CCBA5F /* .swiftlint.yml in Sources */,
				CC13CDC42E03453A00CCBA5F /* GenreCDModel.swift in Sources */,
				CC13CDAA2E0343BB00CCBA5F /* MovieItem.swift in Sources */,
				CC13CD5C2E03402900CCBA5F /* AppLogger.swift in Sources */,
				CC13CD272E0339A000CCBA5F /* AppState.swift in Sources */,
				CC13CDB22E03444000CCBA5F /* MovieListRepository.swift in Sources */,
				CC13CD1C2E03389300CCBA5F /* Environment.swift in Sources */,
				CC13CD682E03433900CCBA5F /* MainTabView.swift in Sources */,
				CC13CDB62E03447F00CCBA5F /* MovieAPI.swift in Sources */,
				CC13CD5F2E03404900CCBA5F /* BaseViewModel.swift in Sources */,
				CC13CDAE2E03440500CCBA5F /* GetMovieListUseCase.swift in Sources */,
				CC13CD612E03406100CCBA5F /* DomainConvertible.swift in Sources */,
				CC13CDB02E03441C00CCBA5F /* GetMovieListUseCaseImpl.swift in Sources */,
				CC13CD4F2E033F5F00CCBA5F /* Dictionary.swift in Sources */,
				CC13CDBC2E0344D300CCBA5F /* GenreDTO.swift in Sources */,
				CC13CD4C2E033F2C00CCBA5F /* UserDefaults.swift in Sources */,
				CC13CD012E01E82500CCBA5F /* AppEntryPoint.swift in Sources */,
				CC13CD4A2E033F1200CCBA5F /* KeychainManager.swift in Sources */,
				CC13CD932E03437200CCBA5F /* MoviePageCDModel.swift in Sources */,
				CC13CD952E03437200CCBA5F /* MovieDTO.swift in Sources */,
				CC13CDB82E03449A00CCBA5F /* APIResponse.swift in Sources */,
				CC13CD9A2E03437200CCBA5F /* Movie.swift in Sources */,
				CC13CD9C2E03437200CCBA5F /* MovieCDModel.swift in Sources */,
				CC13CDA42E03437200CCBA5F /* MoviePage.swift in Sources */,
				CC13CDBE2E0344F600CCBA5F /* GenreSDModel.swift in Sources */,
				CC13CD382E033E1600CCBA5F /* NetworkMonitor.swift in Sources */,
				CC13CD432E033EB900CCBA5F /* CDDataSource.swift in Sources */,
				CC13CDB42E03446100CCBA5F /* MovieListRepositoryImpl.swift in Sources */,
				CC13CD442E033EB900CCBA5F /* CoreDataStack.swift in Sources */,
				CC13CDA62E03438A00CCBA5F /* MovieListView.swift in Sources */,
				CC13CD662E03409B00CCBA5F /* AppFont.swift in Sources */,
				CC13CD532E033FBB00CCBA5F /* Color.swift in Sources */,
				CC13CD292E0339B300CCBA5F /* DIContainer.swift in Sources */,
				CC13CDC22E03452000CCBA5F /* MoviePageSDModel.swift in Sources */,
				CC13CD482E033EF600CCBA5F /* SDDataSource.swift in Sources */,
				CC13CD552E033FCE00CCBA5F /* Date.swift in Sources */,
				CC13CDBA2E0344B200CCBA5F /* MovieResponse.swift in Sources */,
				CC13CD632E03407400CCBA5F /* AppError.swift in Sources */,
				CC13CD3D2E033E8000CCBA5F /* LocalStorage.swift in Sources */,
				CC13CD592E03400000CCBA5F /* MoyaProvider.swift in Sources */,
				CC13CD512E033FA700CCBA5F /* Codable.swift in Sources */,
				CC13CD572E033FE600CCBA5F /* Publisher.swift in Sources */,
				CC13CDDC2E0346E200CCBA5F /* Model.xcdatamodeld in Sources */,
				CC13CD3A2E033E2C00CCBA5F /* CustomMoyaPlugin.swift in Sources */,
				CC13CDAC2E0343DB00CCBA5F /* MovieListViewModel.swift in Sources */,
			);
			runOnlyForDeploymentPostprocessing = 0;
		};
		CC13CCD32E01E7E000CCBA5F /* Sources */ = {
			isa = PBXSourcesBuildPhase;
			buildActionMask = 2147483647;
			files = (
				CCE379772E05D84200C323AB /* MovieAPI.swift in Sources */,
				CCE379552E05D71700C323AB /* MockMovieApiDataSource.swift in Sources */,
				CCE379512E05D6D800C323AB /* MovieListRepositoryTests.swift in Sources */,
				CCE3797B2E05D85700C323AB /* GenreDTO.swift in Sources */,
				CCE3794F2E05D6B800C323AB /* GetMovieListUseCaseTests.swift in Sources */,
				CCE379622E05D7A300C323AB /* CoreDataStack.swift in Sources */,
				CCE3795C2E05D78A00C323AB /* AppState.swift in Sources */,
				CCE379792E05D84D00C323AB /* MovieResponse.swift in Sources */,
				CCE3795B2E05D77E00C323AB /* AppConstants.swift in Sources */,
				CCE379572E05D72A00C323AB /* MockMovieLocalDataSource.swift in Sources */,
				CCE3796A2E05D7F200C323AB /* BaseViewModel.swift in Sources */,
				CCE379752E05D83900C323AB /* MovieListRepository.swift in Sources */,
				CCE3795D2E05D78E00C323AB /* DIContainer.swift in Sources */,
				CCE379592E05D75200C323AB /* CancellableWrapper.swift in Sources */,
				CCE3794D2E05D69000C323AB /* MovieListViewModelTests.swift in Sources */,
				CCE379782E05D84800C323AB /* APIResponse.swift in Sources */,
				CCE379742E05D83500C323AB /* MoviePage.swift in Sources */,
				CCE3796F2E05D81E00C323AB /* MovieItem.swift in Sources */,
				CCE379532E05D70000C323AB /* MockMovieListRepository.swift in Sources */,
				CCE379692E05D7E700C323AB /* AppLogger.swift in Sources */,
				CCE379732E05D83100C323AB /* Movie.swift in Sources */,
				CCE379642E05D7B800C323AB /* SDDataSource.swift in Sources */,
				CCE3794B2E05D67900C323AB /* MockGetMovieListUseCase.swift in Sources */,
				CCE379672E05D7D800C323AB /* Publisher.swift in Sources */,
				CCE379612E05D79F00C323AB /* CDDataSource.swift in Sources */,
				CCE3796E2E05D81800C323AB /* MovieListView.swift in Sources */,
				CCE379662E05D7C000C323AB /* UserDefaults.swift in Sources */,
				CC13CD072E01E82500CCBA5F /* iOSSkeletonAppTests.swift in Sources */,
				CCE379762E05D83E00C323AB /* MovieListRepositoryImpl.swift in Sources */,
				CCE3796B2E05D7F700C323AB /* DomainConvertible.swift in Sources */,
				CCE3796C2E05D7FC00C323AB /* AppError.swift in Sources */,
				CCE3798F2E05DA9200C323AB /* Date.swift in Sources */,
				CCE379712E05D82900C323AB /* GetMovieListUseCase.swift in Sources */,
				CCE3797E2E05D86200C323AB /* MoviePageSDModel.swift in Sources */,
				CCE3795A2E05D77100C323AB /* Environment.swift in Sources */,
				CCE379812E05D86E00C323AB /* MoviePageCDModel.swift in Sources */,
				CCE3797F2E05D86600C323AB /* GenreCDModel.swift in Sources */,
				CCE3796D2E05D80800C323AB /* AppFont.swift in Sources */,
				CCE379652E05D7BB00C323AB /* KeychainManager.swift in Sources */,
				CCE379802E05D86A00C323AB /* MovieCDModel.swift in Sources */,
				CCE3797A2E05D85300C323AB /* MovieDTO.swift in Sources */,
				CCE379602E05D79B00C323AB /* LocalStorage.swift in Sources */,
				CCE379702E05D82400C323AB /* MovieListViewModel.swift in Sources */,
				CCE3795F2E05D79800C323AB /* CustomMoyaPlugin.swift in Sources */,
				CCE379632E05D7B000C323AB /* Model.xcdatamodeld in Sources */,
				CCE379682E05D7DC00C323AB /* MoyaProvider.swift in Sources */,
				CCE3797D2E05D85F00C323AB /* MovieSDModel.swift in Sources */,
				CCE3795E2E05D79400C323AB /* NetworkMonitor.swift in Sources */,
				CCE3797C2E05D85B00C323AB /* GenreSDModel.swift in Sources */,
				CCE379722E05D82D00C323AB /* GetMovieListUseCaseImpl.swift in Sources */,
			);
			runOnlyForDeploymentPostprocessing = 0;
		};
		CC13CCDD2E01E7E000CCBA5F /* Sources */ = {
			isa = PBXSourcesBuildPhase;
			buildActionMask = 2147483647;
			files = (
				CC13CD0A2E01E82500CCBA5F /* iOSSkeletonAppUITests.swift in Sources */,
				CC13CD0B2E01E82500CCBA5F /* iOSSkeletonAppUITestsLaunchTests.swift in Sources */,
			);
			runOnlyForDeploymentPostprocessing = 0;
		};
/* End PBXSourcesBuildPhase section */

/* Begin PBXTargetDependency section */
		CC13CCD92E01E7E000CCBA5F /* PBXTargetDependency */ = {
			isa = PBXTargetDependency;
			target = CC13CCBF2E01E7DE00CCBA5F /* iOSSkeletonApp */;
			targetProxy = CC13CCD82E01E7E000CCBA5F /* PBXContainerItemProxy */;
		};
		CC13CCE32E01E7E000CCBA5F /* PBXTargetDependency */ = {
			isa = PBXTargetDependency;
			target = CC13CCBF2E01E7DE00CCBA5F /* iOSSkeletonApp */;
			targetProxy = CC13CCE22E01E7E000CCBA5F /* PBXContainerItemProxy */;
		};
		CC13CDE82E048ED800CCBA5F /* PBXTargetDependency */ = {
			isa = PBXTargetDependency;
			productRef = CC13CDE72E048ED800CCBA5F /* SwiftLintBuildToolPlugin */;
		};
/* End PBXTargetDependency section */

/* Begin XCBuildConfiguration section */
		CC13CCEB2E01E7E000CCBA5F /* Dev */ = {
			isa = XCBuildConfiguration;
			baseConfigurationReference = CC13CD1D2E03395C00CCBA5F /* Dev.xcconfig */;
			buildSettings = {
				ASSETCATALOG_COMPILER_APPICON_NAME = AppIcon;
				ASSETCATALOG_COMPILER_GLOBAL_ACCENT_COLOR_NAME = AccentColor;
				CODE_SIGN_ENTITLEMENTS = iOSSkeletonApp/iOSSkeletonApp.entitlements;
				CODE_SIGN_STYLE = Automatic;
				CURRENT_PROJECT_VERSION = 1;
				DEVELOPMENT_ASSET_PATHS = "";
				DEVELOPMENT_TEAM = NTXV4AY8CG;
				ENABLE_PREVIEWS = YES;
				GENERATE_INFOPLIST_FILE = YES;
				INFOPLIST_FILE = iOSSkeletonApp/Resources/Info.plist;
				INFOPLIST_KEY_UIApplicationSceneManifest_Generation = YES;
				INFOPLIST_KEY_UIApplicationSupportsIndirectInputEvents = YES;
				INFOPLIST_KEY_UILaunchScreen_Generation = YES;
				INFOPLIST_KEY_UISupportedInterfaceOrientations_iPad = "UIInterfaceOrientationPortrait UIInterfaceOrientationPortraitUpsideDown UIInterfaceOrientationLandscapeLeft UIInterfaceOrientationLandscapeRight";
				INFOPLIST_KEY_UISupportedInterfaceOrientations_iPhone = "UIInterfaceOrientationPortrait UIInterfaceOrientationLandscapeLeft UIInterfaceOrientationLandscapeRight";
				LD_RUNPATH_SEARCH_PATHS = (
					"$(inherited)",
					"@executable_path/Frameworks",
				);
				MARKETING_VERSION = 1.0;
				PRODUCT_BUNDLE_IDENTIFIER = com.anhngo.iOSSkeletonApp;
				PRODUCT_NAME = "$(TARGET_NAME)";
				SWIFT_EMIT_LOC_STRINGS = YES;
				SWIFT_VERSION = 5.0;
				TARGETED_DEVICE_FAMILY = "1,2";
			};
			name = Dev;
		};
		CC13CCEC2E01E7E000CCBA5F /* Production */ = {
			isa = XCBuildConfiguration;
			baseConfigurationReference = CC13CD202E03395C00CCBA5F /* Production.xcconfig */;
			buildSettings = {
				ASSETCATALOG_COMPILER_APPICON_NAME = AppIcon;
				ASSETCATALOG_COMPILER_GLOBAL_ACCENT_COLOR_NAME = AccentColor;
				CODE_SIGN_ENTITLEMENTS = iOSSkeletonApp/iOSSkeletonApp.entitlements;
				CODE_SIGN_STYLE = Automatic;
				CURRENT_PROJECT_VERSION = 1;
				DEVELOPMENT_ASSET_PATHS = "";
				DEVELOPMENT_TEAM = NTXV4AY8CG;
				ENABLE_PREVIEWS = YES;
				GENERATE_INFOPLIST_FILE = YES;
				INFOPLIST_FILE = iOSSkeletonApp/Resources/Info.plist;
				INFOPLIST_KEY_UIApplicationSceneManifest_Generation = YES;
				INFOPLIST_KEY_UIApplicationSupportsIndirectInputEvents = YES;
				INFOPLIST_KEY_UILaunchScreen_Generation = YES;
				INFOPLIST_KEY_UISupportedInterfaceOrientations_iPad = "UIInterfaceOrientationPortrait UIInterfaceOrientationPortraitUpsideDown UIInterfaceOrientationLandscapeLeft UIInterfaceOrientationLandscapeRight";
				INFOPLIST_KEY_UISupportedInterfaceOrientations_iPhone = "UIInterfaceOrientationPortrait UIInterfaceOrientationLandscapeLeft UIInterfaceOrientationLandscapeRight";
				LD_RUNPATH_SEARCH_PATHS = (
					"$(inherited)",
					"@executable_path/Frameworks",
				);
				MARKETING_VERSION = 1.0;
				PRODUCT_BUNDLE_IDENTIFIER = com.anhngo.iOSSkeletonApp;
				PRODUCT_NAME = "$(TARGET_NAME)";
				SWIFT_EMIT_LOC_STRINGS = YES;
				SWIFT_VERSION = 5.0;
				TARGETED_DEVICE_FAMILY = "1,2";
			};
			name = Production;
		};
		CC13CCED2E01E7E000CCBA5F /* Dev */ = {
			isa = XCBuildConfiguration;
			baseConfigurationReference = CC13CD1D2E03395C00CCBA5F /* Dev.xcconfig */;
			buildSettings = {
				ALWAYS_SEARCH_USER_PATHS = NO;
				ASSETCATALOG_COMPILER_GENERATE_SWIFT_ASSET_SYMBOL_EXTENSIONS = YES;
				CLANG_ANALYZER_NONNULL = YES;
				CLANG_ANALYZER_NUMBER_OBJECT_CONVERSION = YES_AGGRESSIVE;
				CLANG_CXX_LANGUAGE_STANDARD = "gnu++20";
				CLANG_ENABLE_MODULES = YES;
				CLANG_ENABLE_OBJC_ARC = YES;
				CLANG_ENABLE_OBJC_WEAK = YES;
				CLANG_WARN_BLOCK_CAPTURE_AUTORELEASING = YES;
				CLANG_WARN_BOOL_CONVERSION = YES;
				CLANG_WARN_COMMA = YES;
				CLANG_WARN_CONSTANT_CONVERSION = YES;
				CLANG_WARN_DEPRECATED_OBJC_IMPLEMENTATIONS = YES;
				CLANG_WARN_DIRECT_OBJC_ISA_USAGE = YES_ERROR;
				CLANG_WARN_DOCUMENTATION_COMMENTS = YES;
				CLANG_WARN_EMPTY_BODY = YES;
				CLANG_WARN_ENUM_CONVERSION = YES;
				CLANG_WARN_INFINITE_RECURSION = YES;
				CLANG_WARN_INT_CONVERSION = YES;
				CLANG_WARN_NON_LITERAL_NULL_CONVERSION = YES;
				CLANG_WARN_OBJC_IMPLICIT_RETAIN_SELF = YES;
				CLANG_WARN_OBJC_LITERAL_CONVERSION = YES;
				CLANG_WARN_OBJC_ROOT_CLASS = YES_ERROR;
				CLANG_WARN_QUOTED_INCLUDE_IN_FRAMEWORK_HEADER = YES;
				CLANG_WARN_RANGE_LOOP_ANALYSIS = YES;
				CLANG_WARN_STRICT_PROTOTYPES = YES;
				CLANG_WARN_SUSPICIOUS_MOVE = YES;
				CLANG_WARN_UNGUARDED_AVAILABILITY = YES_AGGRESSIVE;
				CLANG_WARN_UNREACHABLE_CODE = YES;
				CLANG_WARN__DUPLICATE_METHOD_MATCH = YES;
				COPY_PHASE_STRIP = NO;
				DEBUG_INFORMATION_FORMAT = dwarf;
				ENABLE_STRICT_OBJC_MSGSEND = YES;
				ENABLE_TESTABILITY = YES;
				ENABLE_USER_SCRIPT_SANDBOXING = YES;
				GCC_C_LANGUAGE_STANDARD = gnu17;
				GCC_DYNAMIC_NO_PIC = NO;
				GCC_NO_COMMON_BLOCKS = YES;
				GCC_OPTIMIZATION_LEVEL = 0;
				GCC_PREPROCESSOR_DEFINITIONS = (
					"DEBUG=1",
					"$(inherited)",
				);
				GCC_WARN_64_TO_32_BIT_CONVERSION = YES;
				GCC_WARN_ABOUT_RETURN_TYPE = YES_ERROR;
				GCC_WARN_UNDECLARED_SELECTOR = YES;
				GCC_WARN_UNINITIALIZED_AUTOS = YES_AGGRESSIVE;
				GCC_WARN_UNUSED_FUNCTION = YES;
				GCC_WARN_UNUSED_VARIABLE = YES;
				IPHONEOS_DEPLOYMENT_TARGET = 18.1;
				LOCALIZATION_PREFERS_STRING_CATALOGS = YES;
				MTL_ENABLE_DEBUG_INFO = INCLUDE_SOURCE;
				MTL_FAST_MATH = YES;
				ONLY_ACTIVE_ARCH = YES;
				SDKROOT = iphoneos;
				SWIFT_ACTIVE_COMPILATION_CONDITIONS = "DEBUG $(inherited)";
				SWIFT_EMIT_LOC_STRINGS = YES;
				SWIFT_OPTIMIZATION_LEVEL = "-Onone";
			};
			name = Dev;
		};
		CC13CCEE2E01E7E000CCBA5F /* Production */ = {
			isa = XCBuildConfiguration;
			baseConfigurationReference = CC13CD202E03395C00CCBA5F /* Production.xcconfig */;
			buildSettings = {
				ALWAYS_SEARCH_USER_PATHS = NO;
				ASSETCATALOG_COMPILER_GENERATE_SWIFT_ASSET_SYMBOL_EXTENSIONS = YES;
				CLANG_ANALYZER_NONNULL = YES;
				CLANG_ANALYZER_NUMBER_OBJECT_CONVERSION = YES_AGGRESSIVE;
				CLANG_CXX_LANGUAGE_STANDARD = "gnu++20";
				CLANG_ENABLE_MODULES = YES;
				CLANG_ENABLE_OBJC_ARC = YES;
				CLANG_ENABLE_OBJC_WEAK = YES;
				CLANG_WARN_BLOCK_CAPTURE_AUTORELEASING = YES;
				CLANG_WARN_BOOL_CONVERSION = YES;
				CLANG_WARN_COMMA = YES;
				CLANG_WARN_CONSTANT_CONVERSION = YES;
				CLANG_WARN_DEPRECATED_OBJC_IMPLEMENTATIONS = YES;
				CLANG_WARN_DIRECT_OBJC_ISA_USAGE = YES_ERROR;
				CLANG_WARN_DOCUMENTATION_COMMENTS = YES;
				CLANG_WARN_EMPTY_BODY = YES;
				CLANG_WARN_ENUM_CONVERSION = YES;
				CLANG_WARN_INFINITE_RECURSION = YES;
				CLANG_WARN_INT_CONVERSION = YES;
				CLANG_WARN_NON_LITERAL_NULL_CONVERSION = YES;
				CLANG_WARN_OBJC_IMPLICIT_RETAIN_SELF = YES;
				CLANG_WARN_OBJC_LITERAL_CONVERSION = YES;
				CLANG_WARN_OBJC_ROOT_CLASS = YES_ERROR;
				CLANG_WARN_QUOTED_INCLUDE_IN_FRAMEWORK_HEADER = YES;
				CLANG_WARN_RANGE_LOOP_ANALYSIS = YES;
				CLANG_WARN_STRICT_PROTOTYPES = YES;
				CLANG_WARN_SUSPICIOUS_MOVE = YES;
				CLANG_WARN_UNGUARDED_AVAILABILITY = YES_AGGRESSIVE;
				CLANG_WARN_UNREACHABLE_CODE = YES;
				CLANG_WARN__DUPLICATE_METHOD_MATCH = YES;
				COPY_PHASE_STRIP = NO;
				DEBUG_INFORMATION_FORMAT = "dwarf-with-dsym";
				ENABLE_NS_ASSERTIONS = NO;
				ENABLE_STRICT_OBJC_MSGSEND = YES;
				ENABLE_USER_SCRIPT_SANDBOXING = YES;
				GCC_C_LANGUAGE_STANDARD = gnu17;
				GCC_NO_COMMON_BLOCKS = YES;
				GCC_WARN_64_TO_32_BIT_CONVERSION = YES;
				GCC_WARN_ABOUT_RETURN_TYPE = YES_ERROR;
				GCC_WARN_UNDECLARED_SELECTOR = YES;
				GCC_WARN_UNINITIALIZED_AUTOS = YES_AGGRESSIVE;
				GCC_WARN_UNUSED_FUNCTION = YES;
				GCC_WARN_UNUSED_VARIABLE = YES;
				IPHONEOS_DEPLOYMENT_TARGET = 18.1;
				LOCALIZATION_PREFERS_STRING_CATALOGS = YES;
				MTL_ENABLE_DEBUG_INFO = NO;
				MTL_FAST_MATH = YES;
				SDKROOT = iphoneos;
				SWIFT_COMPILATION_MODE = wholemodule;
				SWIFT_EMIT_LOC_STRINGS = YES;
				VALIDATE_PRODUCT = YES;
			};
			name = Production;
		};
		CC13CCF02E01E7E000CCBA5F /* Dev */ = {
			isa = XCBuildConfiguration;
			baseConfigurationReference = CC13CD1D2E03395C00CCBA5F /* Dev.xcconfig */;
			buildSettings = {
				BUNDLE_LOADER = "$(TEST_HOST)";
				CODE_SIGN_STYLE = Automatic;
				CURRENT_PROJECT_VERSION = 1;
				GENERATE_INFOPLIST_FILE = YES;
				IPHONEOS_DEPLOYMENT_TARGET = 18.1;
				MARKETING_VERSION = 1.0;
				PRODUCT_BUNDLE_IDENTIFIER = com.anhngo.iOSSkeletonAppTests;
				PRODUCT_NAME = "$(TARGET_NAME)";
				SWIFT_EMIT_LOC_STRINGS = NO;
				SWIFT_VERSION = 5.0;
				TARGETED_DEVICE_FAMILY = "1,2";
				TEST_HOST = "$(BUILT_PRODUCTS_DIR)/iOSSkeletonApp.app/$(BUNDLE_EXECUTABLE_FOLDER_PATH)/iOSSkeletonApp";
			};
			name = Dev;
		};
		CC13CCF12E01E7E000CCBA5F /* Production */ = {
			isa = XCBuildConfiguration;
			baseConfigurationReference = CC13CD202E03395C00CCBA5F /* Production.xcconfig */;
			buildSettings = {
				BUNDLE_LOADER = "$(TEST_HOST)";
				CODE_SIGN_STYLE = Automatic;
				CURRENT_PROJECT_VERSION = 1;
				GENERATE_INFOPLIST_FILE = YES;
				IPHONEOS_DEPLOYMENT_TARGET = 18.1;
				MARKETING_VERSION = 1.0;
				PRODUCT_BUNDLE_IDENTIFIER = com.anhngo.iOSSkeletonAppTests;
				PRODUCT_NAME = "$(TARGET_NAME)";
				SWIFT_EMIT_LOC_STRINGS = NO;
				SWIFT_VERSION = 5.0;
				TARGETED_DEVICE_FAMILY = "1,2";
				TEST_HOST = "$(BUILT_PRODUCTS_DIR)/iOSSkeletonApp.app/$(BUNDLE_EXECUTABLE_FOLDER_PATH)/iOSSkeletonApp";
			};
			name = Production;
		};
		CC13CCF32E01E7E000CCBA5F /* Dev */ = {
			isa = XCBuildConfiguration;
			baseConfigurationReference = CC13CD1D2E03395C00CCBA5F /* Dev.xcconfig */;
			buildSettings = {
				CODE_SIGN_STYLE = Automatic;
				CURRENT_PROJECT_VERSION = 1;
				GENERATE_INFOPLIST_FILE = YES;
				MARKETING_VERSION = 1.0;
				PRODUCT_BUNDLE_IDENTIFIER = com.anhngo.iOSSkeletonAppUITests;
				PRODUCT_NAME = "$(TARGET_NAME)";
				SWIFT_EMIT_LOC_STRINGS = NO;
				SWIFT_VERSION = 5.0;
				TARGETED_DEVICE_FAMILY = "1,2";
				TEST_TARGET_NAME = iOSSkeletonApp;
			};
			name = Dev;
		};
		CC13CCF42E01E7E000CCBA5F /* Production */ = {
			isa = XCBuildConfiguration;
			baseConfigurationReference = CC13CD202E03395C00CCBA5F /* Production.xcconfig */;
			buildSettings = {
				CODE_SIGN_STYLE = Automatic;
				CURRENT_PROJECT_VERSION = 1;
				GENERATE_INFOPLIST_FILE = YES;
				MARKETING_VERSION = 1.0;
				PRODUCT_BUNDLE_IDENTIFIER = com.anhngo.iOSSkeletonAppUITests;
				PRODUCT_NAME = "$(TARGET_NAME)";
				SWIFT_EMIT_LOC_STRINGS = NO;
				SWIFT_VERSION = 5.0;
				TARGETED_DEVICE_FAMILY = "1,2";
				TEST_TARGET_NAME = iOSSkeletonApp;
			};
			name = Production;
		};
		CC13CDDD2E04899300CCBA5F /* UAT */ = {
			isa = XCBuildConfiguration;
			baseConfigurationReference = CC13CD1F2E03395C00CCBA5F /* UAT.xcconfig */;
			buildSettings = {
				ALWAYS_SEARCH_USER_PATHS = NO;
				ASSETCATALOG_COMPILER_GENERATE_SWIFT_ASSET_SYMBOL_EXTENSIONS = YES;
				CLANG_ANALYZER_NONNULL = YES;
				CLANG_ANALYZER_NUMBER_OBJECT_CONVERSION = YES_AGGRESSIVE;
				CLANG_CXX_LANGUAGE_STANDARD = "gnu++20";
				CLANG_ENABLE_MODULES = YES;
				CLANG_ENABLE_OBJC_ARC = YES;
				CLANG_ENABLE_OBJC_WEAK = YES;
				CLANG_WARN_BLOCK_CAPTURE_AUTORELEASING = YES;
				CLANG_WARN_BOOL_CONVERSION = YES;
				CLANG_WARN_COMMA = YES;
				CLANG_WARN_CONSTANT_CONVERSION = YES;
				CLANG_WARN_DEPRECATED_OBJC_IMPLEMENTATIONS = YES;
				CLANG_WARN_DIRECT_OBJC_ISA_USAGE = YES_ERROR;
				CLANG_WARN_DOCUMENTATION_COMMENTS = YES;
				CLANG_WARN_EMPTY_BODY = YES;
				CLANG_WARN_ENUM_CONVERSION = YES;
				CLANG_WARN_INFINITE_RECURSION = YES;
				CLANG_WARN_INT_CONVERSION = YES;
				CLANG_WARN_NON_LITERAL_NULL_CONVERSION = YES;
				CLANG_WARN_OBJC_IMPLICIT_RETAIN_SELF = YES;
				CLANG_WARN_OBJC_LITERAL_CONVERSION = YES;
				CLANG_WARN_OBJC_ROOT_CLASS = YES_ERROR;
				CLANG_WARN_QUOTED_INCLUDE_IN_FRAMEWORK_HEADER = YES;
				CLANG_WARN_RANGE_LOOP_ANALYSIS = YES;
				CLANG_WARN_STRICT_PROTOTYPES = YES;
				CLANG_WARN_SUSPICIOUS_MOVE = YES;
				CLANG_WARN_UNGUARDED_AVAILABILITY = YES_AGGRESSIVE;
				CLANG_WARN_UNREACHABLE_CODE = YES;
				CLANG_WARN__DUPLICATE_METHOD_MATCH = YES;
				COPY_PHASE_STRIP = NO;
				DEBUG_INFORMATION_FORMAT = dwarf;
				ENABLE_STRICT_OBJC_MSGSEND = YES;
				ENABLE_TESTABILITY = YES;
				ENABLE_USER_SCRIPT_SANDBOXING = YES;
				GCC_C_LANGUAGE_STANDARD = gnu17;
				GCC_DYNAMIC_NO_PIC = NO;
				GCC_NO_COMMON_BLOCKS = YES;
				GCC_OPTIMIZATION_LEVEL = 0;
				GCC_PREPROCESSOR_DEFINITIONS = (
					"DEBUG=1",
					"$(inherited)",
				);
				GCC_WARN_64_TO_32_BIT_CONVERSION = YES;
				GCC_WARN_ABOUT_RETURN_TYPE = YES_ERROR;
				GCC_WARN_UNDECLARED_SELECTOR = YES;
				GCC_WARN_UNINITIALIZED_AUTOS = YES_AGGRESSIVE;
				GCC_WARN_UNUSED_FUNCTION = YES;
				GCC_WARN_UNUSED_VARIABLE = YES;
				IPHONEOS_DEPLOYMENT_TARGET = 18.1;
				LOCALIZATION_PREFERS_STRING_CATALOGS = YES;
				MTL_ENABLE_DEBUG_INFO = INCLUDE_SOURCE;
				MTL_FAST_MATH = YES;
				ONLY_ACTIVE_ARCH = YES;
				SDKROOT = iphoneos;
				SWIFT_ACTIVE_COMPILATION_CONDITIONS = "DEBUG $(inherited)";
				SWIFT_EMIT_LOC_STRINGS = YES;
				SWIFT_OPTIMIZATION_LEVEL = "-Onone";
			};
			name = UAT;
		};
		CC13CDDE2E04899300CCBA5F /* UAT */ = {
			isa = XCBuildConfiguration;
			baseConfigurationReference = CC13CD1F2E03395C00CCBA5F /* UAT.xcconfig */;
			buildSettings = {
				ASSETCATALOG_COMPILER_APPICON_NAME = AppIcon;
				ASSETCATALOG_COMPILER_GLOBAL_ACCENT_COLOR_NAME = AccentColor;
				CODE_SIGN_ENTITLEMENTS = iOSSkeletonApp/iOSSkeletonApp.entitlements;
				CODE_SIGN_STYLE = Automatic;
				CURRENT_PROJECT_VERSION = 1;
				DEVELOPMENT_ASSET_PATHS = "";
				DEVELOPMENT_TEAM = NTXV4AY8CG;
				ENABLE_PREVIEWS = YES;
				GENERATE_INFOPLIST_FILE = YES;
				INFOPLIST_FILE = iOSSkeletonApp/Resources/Info.plist;
				INFOPLIST_KEY_UIApplicationSceneManifest_Generation = YES;
				INFOPLIST_KEY_UIApplicationSupportsIndirectInputEvents = YES;
				INFOPLIST_KEY_UILaunchScreen_Generation = YES;
				INFOPLIST_KEY_UISupportedInterfaceOrientations_iPad = "UIInterfaceOrientationPortrait UIInterfaceOrientationPortraitUpsideDown UIInterfaceOrientationLandscapeLeft UIInterfaceOrientationLandscapeRight";
				INFOPLIST_KEY_UISupportedInterfaceOrientations_iPhone = "UIInterfaceOrientationPortrait UIInterfaceOrientationLandscapeLeft UIInterfaceOrientationLandscapeRight";
				LD_RUNPATH_SEARCH_PATHS = (
					"$(inherited)",
					"@executable_path/Frameworks",
				);
				MARKETING_VERSION = 1.0;
				PRODUCT_BUNDLE_IDENTIFIER = com.anhngo.iOSSkeletonApp;
				PRODUCT_NAME = "$(TARGET_NAME)";
				SWIFT_EMIT_LOC_STRINGS = YES;
				SWIFT_VERSION = 5.0;
				TARGETED_DEVICE_FAMILY = "1,2";
			};
			name = UAT;
		};
		CC13CDDF2E04899300CCBA5F /* UAT */ = {
			isa = XCBuildConfiguration;
			baseConfigurationReference = CC13CD1F2E03395C00CCBA5F /* UAT.xcconfig */;
			buildSettings = {
				BUNDLE_LOADER = "$(TEST_HOST)";
				CODE_SIGN_STYLE = Automatic;
				CURRENT_PROJECT_VERSION = 1;
				GENERATE_INFOPLIST_FILE = YES;
				IPHONEOS_DEPLOYMENT_TARGET = 18.1;
				MARKETING_VERSION = 1.0;
				PRODUCT_BUNDLE_IDENTIFIER = com.anhngo.iOSSkeletonAppTests;
				PRODUCT_NAME = "$(TARGET_NAME)";
				SWIFT_EMIT_LOC_STRINGS = NO;
				SWIFT_VERSION = 5.0;
				TARGETED_DEVICE_FAMILY = "1,2";
				TEST_HOST = "$(BUILT_PRODUCTS_DIR)/iOSSkeletonApp.app/$(BUNDLE_EXECUTABLE_FOLDER_PATH)/iOSSkeletonApp";
			};
			name = UAT;
		};
		CC13CDE02E04899300CCBA5F /* UAT */ = {
			isa = XCBuildConfiguration;
			baseConfigurationReference = CC13CD1F2E03395C00CCBA5F /* UAT.xcconfig */;
			buildSettings = {
				CODE_SIGN_STYLE = Automatic;
				CURRENT_PROJECT_VERSION = 1;
				GENERATE_INFOPLIST_FILE = YES;
				MARKETING_VERSION = 1.0;
				PRODUCT_BUNDLE_IDENTIFIER = com.anhngo.iOSSkeletonAppUITests;
				PRODUCT_NAME = "$(TARGET_NAME)";
				SWIFT_EMIT_LOC_STRINGS = NO;
				SWIFT_VERSION = 5.0;
				TARGETED_DEVICE_FAMILY = "1,2";
				TEST_TARGET_NAME = iOSSkeletonApp;
			};
			name = UAT;
		};
		CC13CDE12E04899C00CCBA5F /* QC */ = {
			isa = XCBuildConfiguration;
			baseConfigurationReference = CC13CD1E2E03395C00CCBA5F /* QC.xcconfig */;
			buildSettings = {
				ALWAYS_SEARCH_USER_PATHS = NO;
				ASSETCATALOG_COMPILER_GENERATE_SWIFT_ASSET_SYMBOL_EXTENSIONS = YES;
				CLANG_ANALYZER_NONNULL = YES;
				CLANG_ANALYZER_NUMBER_OBJECT_CONVERSION = YES_AGGRESSIVE;
				CLANG_CXX_LANGUAGE_STANDARD = "gnu++20";
				CLANG_ENABLE_MODULES = YES;
				CLANG_ENABLE_OBJC_ARC = YES;
				CLANG_ENABLE_OBJC_WEAK = YES;
				CLANG_WARN_BLOCK_CAPTURE_AUTORELEASING = YES;
				CLANG_WARN_BOOL_CONVERSION = YES;
				CLANG_WARN_COMMA = YES;
				CLANG_WARN_CONSTANT_CONVERSION = YES;
				CLANG_WARN_DEPRECATED_OBJC_IMPLEMENTATIONS = YES;
				CLANG_WARN_DIRECT_OBJC_ISA_USAGE = YES_ERROR;
				CLANG_WARN_DOCUMENTATION_COMMENTS = YES;
				CLANG_WARN_EMPTY_BODY = YES;
				CLANG_WARN_ENUM_CONVERSION = YES;
				CLANG_WARN_INFINITE_RECURSION = YES;
				CLANG_WARN_INT_CONVERSION = YES;
				CLANG_WARN_NON_LITERAL_NULL_CONVERSION = YES;
				CLANG_WARN_OBJC_IMPLICIT_RETAIN_SELF = YES;
				CLANG_WARN_OBJC_LITERAL_CONVERSION = YES;
				CLANG_WARN_OBJC_ROOT_CLASS = YES_ERROR;
				CLANG_WARN_QUOTED_INCLUDE_IN_FRAMEWORK_HEADER = YES;
				CLANG_WARN_RANGE_LOOP_ANALYSIS = YES;
				CLANG_WARN_STRICT_PROTOTYPES = YES;
				CLANG_WARN_SUSPICIOUS_MOVE = YES;
				CLANG_WARN_UNGUARDED_AVAILABILITY = YES_AGGRESSIVE;
				CLANG_WARN_UNREACHABLE_CODE = YES;
				CLANG_WARN__DUPLICATE_METHOD_MATCH = YES;
				COPY_PHASE_STRIP = NO;
				DEBUG_INFORMATION_FORMAT = dwarf;
				ENABLE_STRICT_OBJC_MSGSEND = YES;
				ENABLE_TESTABILITY = YES;
				ENABLE_USER_SCRIPT_SANDBOXING = YES;
				GCC_C_LANGUAGE_STANDARD = gnu17;
				GCC_DYNAMIC_NO_PIC = NO;
				GCC_NO_COMMON_BLOCKS = YES;
				GCC_OPTIMIZATION_LEVEL = 0;
				GCC_PREPROCESSOR_DEFINITIONS = (
					"DEBUG=1",
					"$(inherited)",
				);
				GCC_WARN_64_TO_32_BIT_CONVERSION = YES;
				GCC_WARN_ABOUT_RETURN_TYPE = YES_ERROR;
				GCC_WARN_UNDECLARED_SELECTOR = YES;
				GCC_WARN_UNINITIALIZED_AUTOS = YES_AGGRESSIVE;
				GCC_WARN_UNUSED_FUNCTION = YES;
				GCC_WARN_UNUSED_VARIABLE = YES;
				IPHONEOS_DEPLOYMENT_TARGET = 18.1;
				LOCALIZATION_PREFERS_STRING_CATALOGS = YES;
				MTL_ENABLE_DEBUG_INFO = INCLUDE_SOURCE;
				MTL_FAST_MATH = YES;
				ONLY_ACTIVE_ARCH = YES;
				SDKROOT = iphoneos;
				SWIFT_ACTIVE_COMPILATION_CONDITIONS = "DEBUG $(inherited)";
				SWIFT_EMIT_LOC_STRINGS = YES;
				SWIFT_OPTIMIZATION_LEVEL = "-Onone";
			};
			name = QC;
		};
		CC13CDE22E04899C00CCBA5F /* QC */ = {
			isa = XCBuildConfiguration;
			baseConfigurationReference = CC13CD1E2E03395C00CCBA5F /* QC.xcconfig */;
			buildSettings = {
				ASSETCATALOG_COMPILER_APPICON_NAME = AppIcon;
				ASSETCATALOG_COMPILER_GLOBAL_ACCENT_COLOR_NAME = AccentColor;
				CODE_SIGN_ENTITLEMENTS = iOSSkeletonApp/iOSSkeletonApp.entitlements;
				CODE_SIGN_STYLE = Automatic;
				CURRENT_PROJECT_VERSION = 1;
				DEVELOPMENT_ASSET_PATHS = "";
				DEVELOPMENT_TEAM = NTXV4AY8CG;
				ENABLE_PREVIEWS = YES;
				GENERATE_INFOPLIST_FILE = YES;
				INFOPLIST_FILE = iOSSkeletonApp/Resources/Info.plist;
				INFOPLIST_KEY_UIApplicationSceneManifest_Generation = YES;
				INFOPLIST_KEY_UIApplicationSupportsIndirectInputEvents = YES;
				INFOPLIST_KEY_UILaunchScreen_Generation = YES;
				INFOPLIST_KEY_UISupportedInterfaceOrientations_iPad = "UIInterfaceOrientationPortrait UIInterfaceOrientationPortraitUpsideDown UIInterfaceOrientationLandscapeLeft UIInterfaceOrientationLandscapeRight";
				INFOPLIST_KEY_UISupportedInterfaceOrientations_iPhone = "UIInterfaceOrientationPortrait UIInterfaceOrientationLandscapeLeft UIInterfaceOrientationLandscapeRight";
				LD_RUNPATH_SEARCH_PATHS = (
					"$(inherited)",
					"@executable_path/Frameworks",
				);
				MARKETING_VERSION = 1.0;
				PRODUCT_BUNDLE_IDENTIFIER = com.anhngo.iOSSkeletonApp;
				PRODUCT_NAME = "$(TARGET_NAME)";
				SWIFT_EMIT_LOC_STRINGS = YES;
				SWIFT_VERSION = 5.0;
				TARGETED_DEVICE_FAMILY = "1,2";
			};
			name = QC;
		};
		CC13CDE32E04899C00CCBA5F /* QC */ = {
			isa = XCBuildConfiguration;
			baseConfigurationReference = CC13CD1E2E03395C00CCBA5F /* QC.xcconfig */;
			buildSettings = {
				BUNDLE_LOADER = "$(TEST_HOST)";
				CODE_SIGN_STYLE = Automatic;
				CURRENT_PROJECT_VERSION = 1;
				GENERATE_INFOPLIST_FILE = YES;
				IPHONEOS_DEPLOYMENT_TARGET = 18.1;
				MARKETING_VERSION = 1.0;
				PRODUCT_BUNDLE_IDENTIFIER = com.anhngo.iOSSkeletonAppTests;
				PRODUCT_NAME = "$(TARGET_NAME)";
				SWIFT_EMIT_LOC_STRINGS = NO;
				SWIFT_VERSION = 5.0;
				TARGETED_DEVICE_FAMILY = "1,2";
				TEST_HOST = "$(BUILT_PRODUCTS_DIR)/iOSSkeletonApp.app/$(BUNDLE_EXECUTABLE_FOLDER_PATH)/iOSSkeletonApp";
			};
			name = QC;
		};
		CC13CDE42E04899C00CCBA5F /* QC */ = {
			isa = XCBuildConfiguration;
			baseConfigurationReference = CC13CD1E2E03395C00CCBA5F /* QC.xcconfig */;
			buildSettings = {
				CODE_SIGN_STYLE = Automatic;
				CURRENT_PROJECT_VERSION = 1;
				GENERATE_INFOPLIST_FILE = YES;
				MARKETING_VERSION = 1.0;
				PRODUCT_BUNDLE_IDENTIFIER = com.anhngo.iOSSkeletonAppUITests;
				PRODUCT_NAME = "$(TARGET_NAME)";
				SWIFT_EMIT_LOC_STRINGS = NO;
				SWIFT_VERSION = 5.0;
				TARGETED_DEVICE_FAMILY = "1,2";
				TEST_TARGET_NAME = iOSSkeletonApp;
			};
			name = QC;
		};
/* End XCBuildConfiguration section */

/* Begin XCConfigurationList section */
		CC13CCBB2E01E7DE00CCBA5F /* Build configuration list for PBXProject "iOSSkeletonApp" */ = {
			isa = XCConfigurationList;
			buildConfigurations = (
				CC13CCED2E01E7E000CCBA5F /* Dev */,
				CC13CDE12E04899C00CCBA5F /* QC */,
				CC13CDDD2E04899300CCBA5F /* UAT */,
				CC13CCEE2E01E7E000CCBA5F /* Production */,
			);
			defaultConfigurationIsVisible = 0;
			defaultConfigurationName = Production;
		};
		CC13CCEA2E01E7E000CCBA5F /* Build configuration list for PBXNativeTarget "iOSSkeletonApp" */ = {
			isa = XCConfigurationList;
			buildConfigurations = (
				CC13CCEB2E01E7E000CCBA5F /* Dev */,
				CC13CDE22E04899C00CCBA5F /* QC */,
				CC13CDDE2E04899300CCBA5F /* UAT */,
				CC13CCEC2E01E7E000CCBA5F /* Production */,
			);
			defaultConfigurationIsVisible = 0;
			defaultConfigurationName = Production;
		};
		CC13CCEF2E01E7E000CCBA5F /* Build configuration list for PBXNativeTarget "iOSSkeletonAppTests" */ = {
			isa = XCConfigurationList;
			buildConfigurations = (
				CC13CCF02E01E7E000CCBA5F /* Dev */,
				CC13CDE32E04899C00CCBA5F /* QC */,
				CC13CDDF2E04899300CCBA5F /* UAT */,
				CC13CCF12E01E7E000CCBA5F /* Production */,
			);
			defaultConfigurationIsVisible = 0;
			defaultConfigurationName = Production;
		};
		CC13CCF22E01E7E000CCBA5F /* Build configuration list for PBXNativeTarget "iOSSkeletonAppUITests" */ = {
			isa = XCConfigurationList;
			buildConfigurations = (
				CC13CCF32E01E7E000CCBA5F /* Dev */,
				CC13CDE42E04899C00CCBA5F /* QC */,
				CC13CDE02E04899300CCBA5F /* UAT */,
				CC13CCF42E01E7E000CCBA5F /* Production */,
			);
			defaultConfigurationIsVisible = 0;
			defaultConfigurationName = Production;
		};
/* End XCConfigurationList section */

/* Begin XCRemoteSwiftPackageReference section */
		CC13CD2A2E0339F200CCBA5F /* XCRemoteSwiftPackageReference "Factory" */ = {
			isa = XCRemoteSwiftPackageReference;
			repositoryURL = "https://github.com/hmlongco/Factory";
			requirement = {
				kind = upToNextMajorVersion;
				minimumVersion = 2.5.3;
			};
		};
		CC13CD2D2E033A0A00CCBA5F /* XCRemoteSwiftPackageReference "Kingfisher" */ = {
			isa = XCRemoteSwiftPackageReference;
			repositoryURL = "https://github.com/onevcat/Kingfisher.git";
			requirement = {
				kind = upToNextMajorVersion;
				minimumVersion = 8.3.2;
			};
		};
		CC13CD302E033D2A00CCBA5F /* XCRemoteSwiftPackageReference "Moya" */ = {
			isa = XCRemoteSwiftPackageReference;
			repositoryURL = "https://github.com/Moya/Moya";
			requirement = {
				kind = upToNextMajorVersion;
				minimumVersion = 15.0.3;
			};
		};
		CC13CD332E033D5A00CCBA5F /* XCRemoteSwiftPackageReference "Nimble" */ = {
			isa = XCRemoteSwiftPackageReference;
			repositoryURL = "https://github.com/Quick/Nimble.git";
			requirement = {
				kind = upToNextMajorVersion;
				minimumVersion = 13.7.1;
			};
		};
		CC13CD352E033DA700CCBA5F /* XCRemoteSwiftPackageReference "SwiftLint" */ = {
			isa = XCRemoteSwiftPackageReference;
			repositoryURL = "https://github.com/realm/SwiftLint";
			requirement = {
				kind = upToNextMajorVersion;
				minimumVersion = 0.59.1;
			};
		};
		CCE3798C2E05D9C600C323AB /* XCRemoteSwiftPackageReference "Quick" */ = {
			isa = XCRemoteSwiftPackageReference;
			repositoryURL = "https://github.com/Quick/Quick.git";
			requirement = {
				kind = upToNextMajorVersion;
				minimumVersion = 7.6.2;
			};
		};
/* End XCRemoteSwiftPackageReference section */

/* Begin XCSwiftPackageProductDependency section */
		CC13CD2B2E0339F200CCBA5F /* Factory */ = {
			isa = XCSwiftPackageProductDependency;
			package = CC13CD2A2E0339F200CCBA5F /* XCRemoteSwiftPackageReference "Factory" */;
			productName = Factory;
		};
		CC13CD2E2E033A0A00CCBA5F /* Kingfisher */ = {
			isa = XCSwiftPackageProductDependency;
			package = CC13CD2D2E033A0A00CCBA5F /* XCRemoteSwiftPackageReference "Kingfisher" */;
			productName = Kingfisher;
		};
		CC13CD312E033D2A00CCBA5F /* Moya */ = {
			isa = XCSwiftPackageProductDependency;
			package = CC13CD302E033D2A00CCBA5F /* XCRemoteSwiftPackageReference "Moya" */;
			productName = Moya;
		};
		CC13CDE72E048ED800CCBA5F /* SwiftLintBuildToolPlugin */ = {
			isa = XCSwiftPackageProductDependency;
			package = CC13CD352E033DA700CCBA5F /* XCRemoteSwiftPackageReference "SwiftLint" */;
			productName = "plugin:SwiftLintBuildToolPlugin";
		};
		CCE3798A2E05D99600C323AB /* Nimble */ = {
			isa = XCSwiftPackageProductDependency;
			package = CC13CD332E033D5A00CCBA5F /* XCRemoteSwiftPackageReference "Nimble" */;
			productName = Nimble;
		};
		CCE3798D2E05D9C600C323AB /* Quick */ = {
			isa = XCSwiftPackageProductDependency;
			package = CCE3798C2E05D9C600C323AB /* XCRemoteSwiftPackageReference "Quick" */;
			productName = Quick;
		};
/* End XCSwiftPackageProductDependency section */

/* Begin XCVersionGroup section */
		CC13CDDA2E0346E200CCBA5F /* Model.xcdatamodeld */ = {
			isa = XCVersionGroup;
			children = (
				CC13CDDB2E0346E200CCBA5F /* Model.xcdatamodel */,
			);
			currentVersion = CC13CDDB2E0346E200CCBA5F /* Model.xcdatamodel */;
			path = Model.xcdatamodeld;
			sourceTree = "<group>";
			versionGroupType = wrapper.xcdatamodel;
		};
/* End XCVersionGroup section */
	};
	rootObject = CC13CCB82E01E7DE00CCBA5F /* Project object */;
}
